// !$*UTF8*$!
{
	archiveVersion = 1;
	classes = {
	};
	objectVersion = 46;
	objects = {

/* Begin PBXAggregateTarget section */
		"OSCCore::OSCCorePackageTests::ProductTarget" /* OSCCorePackageTests */ = {
			isa = PBXAggregateTarget;
			buildConfigurationList = OBJ_143 /* Build configuration list for PBXAggregateTarget "OSCCorePackageTests" */;
			buildPhases = (
			);
			dependencies = (
				OBJ_146 /* PBXTargetDependency */,
			);
			name = OSCCorePackageTests;
			productName = OSCCorePackageTests;
		};
/* End PBXAggregateTarget section */

/* Begin PBXBuildFile section */
		OBJ_100 /* Data+OSCMessageArgument.swift in Sources */ = {isa = PBXBuildFile; fileRef = OBJ_18 /* Data+OSCMessageArgument.swift */; };
		OBJ_101 /* Double+OSCMessageArgument.swift in Sources */ = {isa = PBXBuildFile; fileRef = OBJ_19 /* Double+OSCMessageArgument.swift */; };
		OBJ_102 /* Float+OSCMessageArgument.swift in Sources */ = {isa = PBXBuildFile; fileRef = OBJ_20 /* Float+OSCMessageArgument.swift */; };
		OBJ_103 /* Int+OSCMessageArgument.swift in Sources */ = {isa = PBXBuildFile; fileRef = OBJ_21 /* Int+OSCMessageArgument.swift */; };
		OBJ_104 /* MIDI+OSCMessageArgument.swift in Sources */ = {isa = PBXBuildFile; fileRef = OBJ_22 /* MIDI+OSCMessageArgument.swift */; };
		OBJ_105 /* OSCBundle+OSCConvertible.swift in Sources */ = {isa = PBXBuildFile; fileRef = OBJ_23 /* OSCBundle+OSCConvertible.swift */; };
		OBJ_106 /* OSCConvertible.swift in Sources */ = {isa = PBXBuildFile; fileRef = OBJ_24 /* OSCConvertible.swift */; };
		OBJ_107 /* OSCMessage+OSCConvertible.swift in Sources */ = {isa = PBXBuildFile; fileRef = OBJ_25 /* OSCMessage+OSCConvertible.swift */; };
		OBJ_108 /* OSCMessageArgument.swift in Sources */ = {isa = PBXBuildFile; fileRef = OBJ_26 /* OSCMessageArgument.swift */; };
		OBJ_109 /* OSCSymbol+OSCMessageArgument.swift in Sources */ = {isa = PBXBuildFile; fileRef = OBJ_27 /* OSCSymbol+OSCMessageArgument.swift */; };
		OBJ_110 /* OSCTimeTag+OSCMessageArgument.swift in Sources */ = {isa = PBXBuildFile; fileRef = OBJ_28 /* OSCTimeTag+OSCMessageArgument.swift */; };
		OBJ_111 /* RGBA+OSCMessageArgument.swift in Sources */ = {isa = PBXBuildFile; fileRef = OBJ_29 /* RGBA+OSCMessageArgument.swift */; };
		OBJ_112 /* String+OSCMessageArgument.swift in Sources */ = {isa = PBXBuildFile; fileRef = OBJ_30 /* String+OSCMessageArgument.swift */; };
		OBJ_113 /* alignment.swift in Sources */ = {isa = PBXBuildFile; fileRef = OBJ_31 /* alignment.swift */; };
		OBJ_114 /* extract.swift in Sources */ = {isa = PBXBuildFile; fileRef = OBJ_32 /* extract.swift */; };
		OBJ_115 /* helpers.swift in Sources */ = {isa = PBXBuildFile; fileRef = OBJ_33 /* helpers.swift */; };
		OBJ_116 /* BasicMessageDispatcher.swift in Sources */ = {isa = PBXBuildFile; fileRef = OBJ_35 /* BasicMessageDispatcher.swift */; };
		OBJ_117 /* OSCBundle+MessageEventHandler.swift in Sources */ = {isa = PBXBuildFile; fileRef = OBJ_36 /* OSCBundle+MessageEventHandler.swift */; };
		OBJ_118 /* events.swift in Sources */ = {isa = PBXBuildFile; fileRef = OBJ_37 /* events.swift */; };
		OBJ_119 /* matcher.swift in Sources */ = {isa = PBXBuildFile; fileRef = OBJ_38 /* matcher.swift */; };
		OBJ_120 /* OSCBundle+OSCChannel.swift in Sources */ = {isa = PBXBuildFile; fileRef = OBJ_40 /* OSCBundle+OSCChannel.swift */; };
		OBJ_121 /* OSCChannel.swift in Sources */ = {isa = PBXBuildFile; fileRef = OBJ_41 /* OSCChannel.swift */; };
		OBJ_122 /* OSCMessage+OSCChannel.swift in Sources */ = {isa = PBXBuildFile; fileRef = OBJ_42 /* OSCMessage+OSCChannel.swift */; };
		OBJ_123 /* UDPChannel.swift in Sources */ = {isa = PBXBuildFile; fileRef = OBJ_43 /* UDPChannel.swift */; };
		OBJ_124 /* UDPClient.swift in Sources */ = {isa = PBXBuildFile; fileRef = OBJ_44 /* UDPClient.swift */; };
		OBJ_125 /* UDPListener.swift in Sources */ = {isa = PBXBuildFile; fileRef = OBJ_45 /* UDPListener.swift */; };
		OBJ_126 /* MIDI.swift in Sources */ = {isa = PBXBuildFile; fileRef = OBJ_47 /* MIDI.swift */; };
		OBJ_127 /* OSCBundle.swift in Sources */ = {isa = PBXBuildFile; fileRef = OBJ_48 /* OSCBundle.swift */; };
		OBJ_128 /* OSCMessage.swift in Sources */ = {isa = PBXBuildFile; fileRef = OBJ_49 /* OSCMessage.swift */; };
		OBJ_129 /* OSCSymbol.swift in Sources */ = {isa = PBXBuildFile; fileRef = OBJ_50 /* OSCSymbol.swift */; };
		OBJ_130 /* OSCTimeTag.swift in Sources */ = {isa = PBXBuildFile; fileRef = OBJ_51 /* OSCTimeTag.swift */; };
		OBJ_131 /* RGBA.swift in Sources */ = {isa = PBXBuildFile; fileRef = OBJ_52 /* RGBA.swift */; };
		OBJ_132 /* TypeTagValues.swift in Sources */ = {isa = PBXBuildFile; fileRef = OBJ_53 /* TypeTagValues.swift */; };
		OBJ_134 /* Socket.framework in Frameworks */ = {isa = PBXBuildFile; fileRef = "Socket::Socket::Product" /* Socket.framework */; };
		OBJ_141 /* Package.swift in Sources */ = {isa = PBXBuildFile; fileRef = OBJ_6 /* Package.swift */; };
		OBJ_152 /* AddressMatcherTests.swift in Sources */ = {isa = PBXBuildFile; fileRef = OBJ_56 /* AddressMatcherTests.swift */; };
		OBJ_153 /* CommunicationTests.swift in Sources */ = {isa = PBXBuildFile; fileRef = OBJ_57 /* CommunicationTests.swift */; };
		OBJ_154 /* DispatcherTests.swift in Sources */ = {isa = PBXBuildFile; fileRef = OBJ_58 /* DispatcherTests.swift */; };
		OBJ_155 /* OSCBundleTests.swift in Sources */ = {isa = PBXBuildFile; fileRef = OBJ_59 /* OSCBundleTests.swift */; };
		OBJ_156 /* OSCMessageTests.swift in Sources */ = {isa = PBXBuildFile; fileRef = OBJ_60 /* OSCMessageTests.swift */; };
		OBJ_157 /* OSCTimeTagTests.swift in Sources */ = {isa = PBXBuildFile; fileRef = OBJ_61 /* OSCTimeTagTests.swift */; };
		OBJ_158 /* ValueConversionTests.swift in Sources */ = {isa = PBXBuildFile; fileRef = OBJ_62 /* ValueConversionTests.swift */; };
		OBJ_160 /* OSCCore.framework in Frameworks */ = {isa = PBXBuildFile; fileRef = "OSCCore::OSCCore::Product" /* OSCCore.framework */; };
		OBJ_161 /* Socket.framework in Frameworks */ = {isa = PBXBuildFile; fileRef = "Socket::Socket::Product" /* Socket.framework */; };
		OBJ_168 /* Socket.swift in Sources */ = {isa = PBXBuildFile; fileRef = OBJ_69 /* Socket.swift */; };
		OBJ_169 /* SocketProtocols.swift in Sources */ = {isa = PBXBuildFile; fileRef = OBJ_70 /* SocketProtocols.swift */; };
		OBJ_170 /* SocketUtils.swift in Sources */ = {isa = PBXBuildFile; fileRef = OBJ_71 /* SocketUtils.swift */; };
		OBJ_177 /* Package.swift in Sources */ = {isa = PBXBuildFile; fileRef = OBJ_72 /* Package.swift */; };
		OBJ_183 /* main.swift in Sources */ = {isa = PBXBuildFile; fileRef = OBJ_9 /* main.swift */; };
		OBJ_185 /* OSCCore.framework in Frameworks */ = {isa = PBXBuildFile; fileRef = "OSCCore::OSCCore::Product" /* OSCCore.framework */; };
		OBJ_186 /* Socket.framework in Frameworks */ = {isa = PBXBuildFile; fileRef = "Socket::Socket::Product" /* Socket.framework */; };
		OBJ_84 /* main.swift in Sources */ = {isa = PBXBuildFile; fileRef = OBJ_11 /* main.swift */; };
		OBJ_86 /* OSCCore.framework in Frameworks */ = {isa = PBXBuildFile; fileRef = "OSCCore::OSCCore::Product" /* OSCCore.framework */; };
		OBJ_87 /* Socket.framework in Frameworks */ = {isa = PBXBuildFile; fileRef = "Socket::Socket::Product" /* Socket.framework */; };
		OBJ_96 /* Array+OSCMessageArgument.swift in Sources */ = {isa = PBXBuildFile; fileRef = OBJ_14 /* Array+OSCMessageArgument.swift */; };
		OBJ_97 /* Bool+OSCConvertible.swift in Sources */ = {isa = PBXBuildFile; fileRef = OBJ_15 /* Bool+OSCConvertible.swift */; };
		OBJ_98 /* Byte.swift in Sources */ = {isa = PBXBuildFile; fileRef = OBJ_16 /* Byte.swift */; };
		OBJ_99 /* Character+OSCConvertible.swift in Sources */ = {isa = PBXBuildFile; fileRef = OBJ_17 /* Character+OSCConvertible.swift */; };
/* End PBXBuildFile section */

/* Begin PBXContainerItemProxy section */
		C24183A82072B1C600AE1F2E /* PBXContainerItemProxy */ = {
			isa = PBXContainerItemProxy;
			containerPortal = OBJ_1 /* Project object */;
			proxyType = 1;
			remoteGlobalIDString = "Socket::Socket";
			remoteInfo = Socket;
		};
		C24183A92072B1C600AE1F2E /* PBXContainerItemProxy */ = {
			isa = PBXContainerItemProxy;
			containerPortal = OBJ_1 /* Project object */;
			proxyType = 1;
			remoteGlobalIDString = "OSCCore::OSCCore";
			remoteInfo = OSCCore;
		};
		C24183AA2072B1C600AE1F2E /* PBXContainerItemProxy */ = {
			isa = PBXContainerItemProxy;
			containerPortal = OBJ_1 /* Project object */;
			proxyType = 1;
			remoteGlobalIDString = "Socket::Socket";
			remoteInfo = Socket;
		};
		C24183AB2072B1C600AE1F2E /* PBXContainerItemProxy */ = {
			isa = PBXContainerItemProxy;
			containerPortal = OBJ_1 /* Project object */;
			proxyType = 1;
			remoteGlobalIDString = "OSCCore::OSCCore";
			remoteInfo = OSCCore;
		};
		C24183AC2072B1C600AE1F2E /* PBXContainerItemProxy */ = {
			isa = PBXContainerItemProxy;
			containerPortal = OBJ_1 /* Project object */;
			proxyType = 1;
			remoteGlobalIDString = "Socket::Socket";
			remoteInfo = Socket;
		};
		C24183AD2072B1C600AE1F2E /* PBXContainerItemProxy */ = {
			isa = PBXContainerItemProxy;
			containerPortal = OBJ_1 /* Project object */;
			proxyType = 1;
			remoteGlobalIDString = "OSCCore::OSCCore";
			remoteInfo = OSCCore;
		};
		C24183AE2072B1C600AE1F2E /* PBXContainerItemProxy */ = {
			isa = PBXContainerItemProxy;
			containerPortal = OBJ_1 /* Project object */;
			proxyType = 1;
			remoteGlobalIDString = "Socket::Socket";
			remoteInfo = Socket;
		};
		C24183AF2072B1CA00AE1F2E /* PBXContainerItemProxy */ = {
			isa = PBXContainerItemProxy;
			containerPortal = OBJ_1 /* Project object */;
			proxyType = 1;
			remoteGlobalIDString = "OSCCore::OSCCoreTests";
			remoteInfo = OSCCoreTests;
		};
/* End PBXContainerItemProxy section */

/* Begin PBXFileReference section */
		OBJ_11 /* main.swift */ = {isa = PBXFileReference; lastKnownFileType = sourcecode.swift; path = main.swift; sourceTree = "<group>"; };
		OBJ_14 /* Array+OSCMessageArgument.swift */ = {isa = PBXFileReference; lastKnownFileType = sourcecode.swift; path = "Array+OSCMessageArgument.swift"; sourceTree = "<group>"; };
		OBJ_15 /* Bool+OSCConvertible.swift */ = {isa = PBXFileReference; lastKnownFileType = sourcecode.swift; path = "Bool+OSCConvertible.swift"; sourceTree = "<group>"; };
		OBJ_16 /* Byte.swift */ = {isa = PBXFileReference; lastKnownFileType = sourcecode.swift; path = Byte.swift; sourceTree = "<group>"; };
		OBJ_17 /* Character+OSCConvertible.swift */ = {isa = PBXFileReference; lastKnownFileType = sourcecode.swift; path = "Character+OSCConvertible.swift"; sourceTree = "<group>"; };
		OBJ_18 /* Data+OSCMessageArgument.swift */ = {isa = PBXFileReference; lastKnownFileType = sourcecode.swift; path = "Data+OSCMessageArgument.swift"; sourceTree = "<group>"; };
		OBJ_19 /* Double+OSCMessageArgument.swift */ = {isa = PBXFileReference; lastKnownFileType = sourcecode.swift; path = "Double+OSCMessageArgument.swift"; sourceTree = "<group>"; };
		OBJ_20 /* Float+OSCMessageArgument.swift */ = {isa = PBXFileReference; lastKnownFileType = sourcecode.swift; path = "Float+OSCMessageArgument.swift"; sourceTree = "<group>"; };
		OBJ_21 /* Int+OSCMessageArgument.swift */ = {isa = PBXFileReference; lastKnownFileType = sourcecode.swift; path = "Int+OSCMessageArgument.swift"; sourceTree = "<group>"; };
		OBJ_22 /* MIDI+OSCMessageArgument.swift */ = {isa = PBXFileReference; lastKnownFileType = sourcecode.swift; path = "MIDI+OSCMessageArgument.swift"; sourceTree = "<group>"; };
		OBJ_23 /* OSCBundle+OSCConvertible.swift */ = {isa = PBXFileReference; lastKnownFileType = sourcecode.swift; path = "OSCBundle+OSCConvertible.swift"; sourceTree = "<group>"; };
		OBJ_24 /* OSCConvertible.swift */ = {isa = PBXFileReference; lastKnownFileType = sourcecode.swift; path = OSCConvertible.swift; sourceTree = "<group>"; };
		OBJ_25 /* OSCMessage+OSCConvertible.swift */ = {isa = PBXFileReference; lastKnownFileType = sourcecode.swift; path = "OSCMessage+OSCConvertible.swift"; sourceTree = "<group>"; };
		OBJ_26 /* OSCMessageArgument.swift */ = {isa = PBXFileReference; lastKnownFileType = sourcecode.swift; path = OSCMessageArgument.swift; sourceTree = "<group>"; };
		OBJ_27 /* OSCSymbol+OSCMessageArgument.swift */ = {isa = PBXFileReference; lastKnownFileType = sourcecode.swift; path = "OSCSymbol+OSCMessageArgument.swift"; sourceTree = "<group>"; };
		OBJ_28 /* OSCTimeTag+OSCMessageArgument.swift */ = {isa = PBXFileReference; lastKnownFileType = sourcecode.swift; path = "OSCTimeTag+OSCMessageArgument.swift"; sourceTree = "<group>"; };
		OBJ_29 /* RGBA+OSCMessageArgument.swift */ = {isa = PBXFileReference; lastKnownFileType = sourcecode.swift; path = "RGBA+OSCMessageArgument.swift"; sourceTree = "<group>"; };
		OBJ_30 /* String+OSCMessageArgument.swift */ = {isa = PBXFileReference; lastKnownFileType = sourcecode.swift; path = "String+OSCMessageArgument.swift"; sourceTree = "<group>"; };
		OBJ_31 /* alignment.swift */ = {isa = PBXFileReference; lastKnownFileType = sourcecode.swift; path = alignment.swift; sourceTree = "<group>"; };
		OBJ_32 /* extract.swift */ = {isa = PBXFileReference; lastKnownFileType = sourcecode.swift; path = extract.swift; sourceTree = "<group>"; };
		OBJ_33 /* helpers.swift */ = {isa = PBXFileReference; lastKnownFileType = sourcecode.swift; path = helpers.swift; sourceTree = "<group>"; };
		OBJ_35 /* BasicMessageDispatcher.swift */ = {isa = PBXFileReference; lastKnownFileType = sourcecode.swift; path = BasicMessageDispatcher.swift; sourceTree = "<group>"; };
		OBJ_36 /* OSCBundle+MessageEventHandler.swift */ = {isa = PBXFileReference; lastKnownFileType = sourcecode.swift; path = "OSCBundle+MessageEventHandler.swift"; sourceTree = "<group>"; };
		OBJ_37 /* events.swift */ = {isa = PBXFileReference; lastKnownFileType = sourcecode.swift; path = events.swift; sourceTree = "<group>"; };
		OBJ_38 /* matcher.swift */ = {isa = PBXFileReference; lastKnownFileType = sourcecode.swift; path = matcher.swift; sourceTree = "<group>"; };
		OBJ_40 /* OSCBundle+OSCChannel.swift */ = {isa = PBXFileReference; lastKnownFileType = sourcecode.swift; path = "OSCBundle+OSCChannel.swift"; sourceTree = "<group>"; };
		OBJ_41 /* OSCChannel.swift */ = {isa = PBXFileReference; lastKnownFileType = sourcecode.swift; path = OSCChannel.swift; sourceTree = "<group>"; };
		OBJ_42 /* OSCMessage+OSCChannel.swift */ = {isa = PBXFileReference; lastKnownFileType = sourcecode.swift; path = "OSCMessage+OSCChannel.swift"; sourceTree = "<group>"; };
		OBJ_43 /* UDPChannel.swift */ = {isa = PBXFileReference; lastKnownFileType = sourcecode.swift; path = UDPChannel.swift; sourceTree = "<group>"; };
		OBJ_44 /* UDPClient.swift */ = {isa = PBXFileReference; lastKnownFileType = sourcecode.swift; path = UDPClient.swift; sourceTree = "<group>"; };
		OBJ_45 /* UDPListener.swift */ = {isa = PBXFileReference; lastKnownFileType = sourcecode.swift; path = UDPListener.swift; sourceTree = "<group>"; };
		OBJ_47 /* MIDI.swift */ = {isa = PBXFileReference; lastKnownFileType = sourcecode.swift; path = MIDI.swift; sourceTree = "<group>"; };
		OBJ_48 /* OSCBundle.swift */ = {isa = PBXFileReference; lastKnownFileType = sourcecode.swift; path = OSCBundle.swift; sourceTree = "<group>"; };
		OBJ_49 /* OSCMessage.swift */ = {isa = PBXFileReference; lastKnownFileType = sourcecode.swift; path = OSCMessage.swift; sourceTree = "<group>"; };
		OBJ_50 /* OSCSymbol.swift */ = {isa = PBXFileReference; lastKnownFileType = sourcecode.swift; path = OSCSymbol.swift; sourceTree = "<group>"; };
		OBJ_51 /* OSCTimeTag.swift */ = {isa = PBXFileReference; lastKnownFileType = sourcecode.swift; path = OSCTimeTag.swift; sourceTree = "<group>"; };
		OBJ_52 /* RGBA.swift */ = {isa = PBXFileReference; lastKnownFileType = sourcecode.swift; path = RGBA.swift; sourceTree = "<group>"; };
		OBJ_53 /* TypeTagValues.swift */ = {isa = PBXFileReference; lastKnownFileType = sourcecode.swift; path = TypeTagValues.swift; sourceTree = "<group>"; };
		OBJ_56 /* AddressMatcherTests.swift */ = {isa = PBXFileReference; lastKnownFileType = sourcecode.swift; path = AddressMatcherTests.swift; sourceTree = "<group>"; };
		OBJ_57 /* CommunicationTests.swift */ = {isa = PBXFileReference; lastKnownFileType = sourcecode.swift; path = CommunicationTests.swift; sourceTree = "<group>"; };
		OBJ_58 /* DispatcherTests.swift */ = {isa = PBXFileReference; lastKnownFileType = sourcecode.swift; path = DispatcherTests.swift; sourceTree = "<group>"; };
		OBJ_59 /* OSCBundleTests.swift */ = {isa = PBXFileReference; lastKnownFileType = sourcecode.swift; path = OSCBundleTests.swift; sourceTree = "<group>"; };
		OBJ_6 /* Package.swift */ = {isa = PBXFileReference; explicitFileType = sourcecode.swift; path = Package.swift; sourceTree = "<group>"; };
		OBJ_60 /* OSCMessageTests.swift */ = {isa = PBXFileReference; lastKnownFileType = sourcecode.swift; path = OSCMessageTests.swift; sourceTree = "<group>"; };
		OBJ_61 /* OSCTimeTagTests.swift */ = {isa = PBXFileReference; lastKnownFileType = sourcecode.swift; path = OSCTimeTagTests.swift; sourceTree = "<group>"; };
		OBJ_62 /* ValueConversionTests.swift */ = {isa = PBXFileReference; lastKnownFileType = sourcecode.swift; path = ValueConversionTests.swift; sourceTree = "<group>"; };
		OBJ_63 /* Examples */ = {isa = PBXFileReference; lastKnownFileType = folder; path = Examples; sourceTree = SOURCE_ROOT; };
		OBJ_64 /* Playgrounds */ = {isa = PBXFileReference; lastKnownFileType = folder; path = Playgrounds; sourceTree = SOURCE_ROOT; };
		OBJ_65 /* Workspace.xcworkspace */ = {isa = PBXFileReference; lastKnownFileType = wrapper.workspace; path = Workspace.xcworkspace; sourceTree = SOURCE_ROOT; };
		OBJ_69 /* Socket.swift */ = {isa = PBXFileReference; lastKnownFileType = sourcecode.swift; path = Socket.swift; sourceTree = "<group>"; };
		OBJ_70 /* SocketProtocols.swift */ = {isa = PBXFileReference; lastKnownFileType = sourcecode.swift; path = SocketProtocols.swift; sourceTree = "<group>"; };
		OBJ_71 /* SocketUtils.swift */ = {isa = PBXFileReference; lastKnownFileType = sourcecode.swift; path = SocketUtils.swift; sourceTree = "<group>"; };
		OBJ_72 /* Package.swift */ = {isa = PBXFileReference; explicitFileType = sourcecode.swift; name = Package.swift; path = "/Users/segabor/Workspace/OSCCore/.build/checkouts/BlueSocket-4701229415198575842/Package.swift"; sourceTree = "<group>"; };
		OBJ_9 /* main.swift */ = {isa = PBXFileReference; lastKnownFileType = sourcecode.swift; path = main.swift; sourceTree = "<group>"; };
		"OSCCore::BasicListener::Product" /* BasicListener */ = {isa = PBXFileReference; lastKnownFileType = text; path = BasicListener; sourceTree = BUILT_PRODUCTS_DIR; };
		"OSCCore::OSCCore::Product" /* OSCCore.framework */ = {isa = PBXFileReference; explicitFileType = wrapper.framework; path = OSCCore.framework; sourceTree = BUILT_PRODUCTS_DIR; };
		"OSCCore::OSCCoreTests::Product" /* OSCCoreTests.xctest */ = {isa = PBXFileReference; lastKnownFileType = file; path = OSCCoreTests.xctest; sourceTree = BUILT_PRODUCTS_DIR; };
		"OSCCore::SuperColliderExample::Product" /* SuperColliderExample */ = {isa = PBXFileReference; lastKnownFileType = text; path = SuperColliderExample; sourceTree = BUILT_PRODUCTS_DIR; };
		"Socket::Socket::Product" /* Socket.framework */ = {isa = PBXFileReference; explicitFileType = wrapper.framework; path = Socket.framework; sourceTree = BUILT_PRODUCTS_DIR; };
/* End PBXFileReference section */

/* Begin PBXFrameworksBuildPhase section */
		OBJ_133 /* Frameworks */ = {
			isa = PBXFrameworksBuildPhase;
			buildActionMask = 0;
			files = (
				OBJ_134 /* Socket.framework in Frameworks */,
			);
			runOnlyForDeploymentPostprocessing = 0;
		};
		OBJ_159 /* Frameworks */ = {
			isa = PBXFrameworksBuildPhase;
			buildActionMask = 0;
			files = (
				OBJ_160 /* OSCCore.framework in Frameworks */,
				OBJ_161 /* Socket.framework in Frameworks */,
			);
			runOnlyForDeploymentPostprocessing = 0;
		};
		OBJ_171 /* Frameworks */ = {
			isa = PBXFrameworksBuildPhase;
			buildActionMask = 0;
			files = (
			);
			runOnlyForDeploymentPostprocessing = 0;
		};
		OBJ_184 /* Frameworks */ = {
			isa = PBXFrameworksBuildPhase;
			buildActionMask = 0;
			files = (
				OBJ_185 /* OSCCore.framework in Frameworks */,
				OBJ_186 /* Socket.framework in Frameworks */,
			);
			runOnlyForDeploymentPostprocessing = 0;
		};
		OBJ_85 /* Frameworks */ = {
			isa = PBXFrameworksBuildPhase;
			buildActionMask = 0;
			files = (
				OBJ_86 /* OSCCore.framework in Frameworks */,
				OBJ_87 /* Socket.framework in Frameworks */,
			);
			runOnlyForDeploymentPostprocessing = 0;
		};
/* End PBXFrameworksBuildPhase section */

/* Begin PBXGroup section */
		OBJ_10 /* BasicListener */ = {
			isa = PBXGroup;
			children = (
				OBJ_11 /* main.swift */,
			);
			name = BasicListener;
			path = Source/BasicListener;
			sourceTree = SOURCE_ROOT;
		};
		OBJ_12 /* OSCCore */ = {
			isa = PBXGroup;
			children = (
				OBJ_13 /* conversion */,
				OBJ_34 /* dispatch */,
				OBJ_39 /* net */,
				OBJ_46 /* types */,
			);
			name = OSCCore;
			path = Source/OSCCore;
			sourceTree = SOURCE_ROOT;
		};
		OBJ_13 /* conversion */ = {
			isa = PBXGroup;
			children = (
				OBJ_14 /* Array+OSCMessageArgument.swift */,
				OBJ_15 /* Bool+OSCConvertible.swift */,
				OBJ_16 /* Byte.swift */,
				OBJ_17 /* Character+OSCConvertible.swift */,
				OBJ_18 /* Data+OSCMessageArgument.swift */,
				OBJ_19 /* Double+OSCMessageArgument.swift */,
				OBJ_20 /* Float+OSCMessageArgument.swift */,
				OBJ_21 /* Int+OSCMessageArgument.swift */,
				OBJ_22 /* MIDI+OSCMessageArgument.swift */,
				OBJ_23 /* OSCBundle+OSCConvertible.swift */,
				OBJ_24 /* OSCConvertible.swift */,
				OBJ_25 /* OSCMessage+OSCConvertible.swift */,
				OBJ_26 /* OSCMessageArgument.swift */,
				OBJ_27 /* OSCSymbol+OSCMessageArgument.swift */,
				OBJ_28 /* OSCTimeTag+OSCMessageArgument.swift */,
				OBJ_29 /* RGBA+OSCMessageArgument.swift */,
				OBJ_30 /* String+OSCMessageArgument.swift */,
				OBJ_31 /* alignment.swift */,
				OBJ_32 /* extract.swift */,
				OBJ_33 /* helpers.swift */,
			);
			path = conversion;
			sourceTree = "<group>";
		};
		OBJ_34 /* dispatch */ = {
			isa = PBXGroup;
			children = (
				OBJ_35 /* BasicMessageDispatcher.swift */,
				OBJ_36 /* OSCBundle+MessageEventHandler.swift */,
				OBJ_37 /* events.swift */,
				OBJ_38 /* matcher.swift */,
			);
			path = dispatch;
			sourceTree = "<group>";
		};
		OBJ_39 /* net */ = {
			isa = PBXGroup;
			children = (
				OBJ_40 /* OSCBundle+OSCChannel.swift */,
				OBJ_41 /* OSCChannel.swift */,
				OBJ_42 /* OSCMessage+OSCChannel.swift */,
				OBJ_43 /* UDPChannel.swift */,
				OBJ_44 /* UDPClient.swift */,
				OBJ_45 /* UDPListener.swift */,
			);
			path = net;
			sourceTree = "<group>";
		};
		OBJ_46 /* types */ = {
			isa = PBXGroup;
			children = (
				OBJ_47 /* MIDI.swift */,
				OBJ_48 /* OSCBundle.swift */,
				OBJ_49 /* OSCMessage.swift */,
				OBJ_50 /* OSCSymbol.swift */,
				OBJ_51 /* OSCTimeTag.swift */,
				OBJ_52 /* RGBA.swift */,
				OBJ_53 /* TypeTagValues.swift */,
			);
			path = types;
			sourceTree = "<group>";
		};
		OBJ_5 /*  */ = {
			isa = PBXGroup;
			children = (
				OBJ_6 /* Package.swift */,
				OBJ_7 /* Sources */,
				OBJ_54 /* Tests */,
				OBJ_63 /* Examples */,
				OBJ_64 /* Playgrounds */,
				OBJ_65 /* Workspace.xcworkspace */,
				OBJ_66 /* Dependencies */,
				OBJ_73 /* Products */,
			);
			name = "";
			sourceTree = "<group>";
		};
		OBJ_54 /* Tests */ = {
			isa = PBXGroup;
			children = (
				OBJ_55 /* OSCCoreTests */,
			);
			name = Tests;
			sourceTree = SOURCE_ROOT;
		};
		OBJ_55 /* OSCCoreTests */ = {
			isa = PBXGroup;
			children = (
				OBJ_56 /* AddressMatcherTests.swift */,
				OBJ_57 /* CommunicationTests.swift */,
				OBJ_58 /* DispatcherTests.swift */,
				OBJ_59 /* OSCBundleTests.swift */,
				OBJ_60 /* OSCMessageTests.swift */,
				OBJ_61 /* OSCTimeTagTests.swift */,
				OBJ_62 /* ValueConversionTests.swift */,
			);
			name = OSCCoreTests;
			path = Tests/OSCCoreTests;
			sourceTree = SOURCE_ROOT;
		};
		OBJ_66 /* Dependencies */ = {
			isa = PBXGroup;
			children = (
				OBJ_67 /* Socket 0.12.94 */,
			);
			name = Dependencies;
			sourceTree = "<group>";
		};
		OBJ_67 /* Socket 0.12.94 */ = {
			isa = PBXGroup;
			children = (
				OBJ_68 /* Socket */,
				OBJ_72 /* Package.swift */,
			);
			name = "Socket 0.12.94";
			sourceTree = SOURCE_ROOT;
		};
		OBJ_68 /* Socket */ = {
			isa = PBXGroup;
			children = (
				OBJ_69 /* Socket.swift */,
				OBJ_70 /* SocketProtocols.swift */,
				OBJ_71 /* SocketUtils.swift */,
			);
			name = Socket;
			path = ".build/checkouts/BlueSocket-4701229415198575842/Sources/Socket";
			sourceTree = SOURCE_ROOT;
		};
		OBJ_7 /* Sources */ = {
			isa = PBXGroup;
			children = (
				OBJ_8 /* SuperColliderExample */,
				OBJ_10 /* BasicListener */,
				OBJ_12 /* OSCCore */,
			);
			name = Sources;
			sourceTree = SOURCE_ROOT;
		};
		OBJ_73 /* Products */ = {
			isa = PBXGroup;
			children = (
				"OSCCore::OSCCoreTests::Product" /* OSCCoreTests.xctest */,
				"OSCCore::OSCCore::Product" /* OSCCore.framework */,
				"OSCCore::SuperColliderExample::Product" /* SuperColliderExample */,
				"Socket::Socket::Product" /* Socket.framework */,
				"OSCCore::BasicListener::Product" /* BasicListener */,
			);
			name = Products;
			sourceTree = BUILT_PRODUCTS_DIR;
		};
		OBJ_8 /* SuperColliderExample */ = {
			isa = PBXGroup;
			children = (
				OBJ_9 /* main.swift */,
			);
			name = SuperColliderExample;
			path = Source/SuperColliderExample;
			sourceTree = SOURCE_ROOT;
		};
/* End PBXGroup section */

/* Begin PBXNativeTarget section */
		"OSCCore::BasicListener" /* BasicListener */ = {
			isa = PBXNativeTarget;
			buildConfigurationList = OBJ_80 /* Build configuration list for PBXNativeTarget "BasicListener" */;
			buildPhases = (
				OBJ_83 /* Sources */,
				OBJ_85 /* Frameworks */,
			);
			buildRules = (
			);
			dependencies = (
				OBJ_88 /* PBXTargetDependency */,
				OBJ_90 /* PBXTargetDependency */,
			);
			name = BasicListener;
			productName = BasicListener;
			productReference = "OSCCore::BasicListener::Product" /* BasicListener */;
			productType = "com.apple.product-type.tool";
		};
		"OSCCore::OSCCore" /* OSCCore */ = {
			isa = PBXNativeTarget;
			buildConfigurationList = OBJ_92 /* Build configuration list for PBXNativeTarget "OSCCore" */;
			buildPhases = (
				OBJ_95 /* Sources */,
				OBJ_133 /* Frameworks */,
			);
			buildRules = (
			);
			dependencies = (
				OBJ_135 /* PBXTargetDependency */,
			);
			name = OSCCore;
			productName = OSCCore;
			productReference = "OSCCore::OSCCore::Product" /* OSCCore.framework */;
			productType = "com.apple.product-type.framework";
		};
		"OSCCore::OSCCoreTests" /* OSCCoreTests */ = {
			isa = PBXNativeTarget;
			buildConfigurationList = OBJ_148 /* Build configuration list for PBXNativeTarget "OSCCoreTests" */;
			buildPhases = (
				OBJ_151 /* Sources */,
				OBJ_159 /* Frameworks */,
			);
			buildRules = (
			);
			dependencies = (
				OBJ_162 /* PBXTargetDependency */,
				OBJ_163 /* PBXTargetDependency */,
			);
			name = OSCCoreTests;
			productName = OSCCoreTests;
			productReference = "OSCCore::OSCCoreTests::Product" /* OSCCoreTests.xctest */;
			productType = "com.apple.product-type.bundle.unit-test";
		};
		"OSCCore::SuperColliderExample" /* SuperColliderExample */ = {
			isa = PBXNativeTarget;
			buildConfigurationList = OBJ_179 /* Build configuration list for PBXNativeTarget "SuperColliderExample" */;
			buildPhases = (
				OBJ_182 /* Sources */,
				OBJ_184 /* Frameworks */,
			);
			buildRules = (
			);
			dependencies = (
				OBJ_187 /* PBXTargetDependency */,
				OBJ_188 /* PBXTargetDependency */,
			);
			name = SuperColliderExample;
			productName = SuperColliderExample;
			productReference = "OSCCore::SuperColliderExample::Product" /* SuperColliderExample */;
			productType = "com.apple.product-type.tool";
		};
		"OSCCore::SwiftPMPackageDescription" /* OSCCorePackageDescription */ = {
			isa = PBXNativeTarget;
			buildConfigurationList = OBJ_137 /* Build configuration list for PBXNativeTarget "OSCCorePackageDescription" */;
			buildPhases = (
				OBJ_140 /* Sources */,
			);
			buildRules = (
			);
			dependencies = (
			);
			name = OSCCorePackageDescription;
			productName = OSCCorePackageDescription;
			productType = "com.apple.product-type.framework";
		};
		"Socket::Socket" /* Socket */ = {
			isa = PBXNativeTarget;
			buildConfigurationList = OBJ_164 /* Build configuration list for PBXNativeTarget "Socket" */;
			buildPhases = (
				OBJ_167 /* Sources */,
				OBJ_171 /* Frameworks */,
			);
			buildRules = (
			);
			dependencies = (
			);
			name = Socket;
			productName = Socket;
			productReference = "Socket::Socket::Product" /* Socket.framework */;
			productType = "com.apple.product-type.framework";
		};
		"Socket::SwiftPMPackageDescription" /* SocketPackageDescription */ = {
			isa = PBXNativeTarget;
			buildConfigurationList = OBJ_173 /* Build configuration list for PBXNativeTarget "SocketPackageDescription" */;
			buildPhases = (
				OBJ_176 /* Sources */,
			);
			buildRules = (
			);
			dependencies = (
			);
			name = SocketPackageDescription;
			productName = SocketPackageDescription;
			productType = "com.apple.product-type.framework";
		};
/* End PBXNativeTarget section */

/* Begin PBXProject section */
		OBJ_1 /* Project object */ = {
			isa = PBXProject;
			attributes = {
				LastUpgradeCheck = 9999;
			};
			buildConfigurationList = OBJ_2 /* Build configuration list for PBXProject "OSCCore" */;
			compatibilityVersion = "Xcode 3.2";
			developmentRegion = English;
			hasScannedForEncodings = 0;
			knownRegions = (
				en,
			);
			mainGroup = OBJ_5 /*  */;
			productRefGroup = OBJ_73 /* Products */;
			projectDirPath = "";
			projectRoot = "";
			targets = (
				"OSCCore::BasicListener" /* BasicListener */,
				"OSCCore::OSCCore" /* OSCCore */,
				"OSCCore::SwiftPMPackageDescription" /* OSCCorePackageDescription */,
				"OSCCore::OSCCorePackageTests::ProductTarget" /* OSCCorePackageTests */,
				"OSCCore::OSCCoreTests" /* OSCCoreTests */,
				"Socket::Socket" /* Socket */,
				"Socket::SwiftPMPackageDescription" /* SocketPackageDescription */,
				"OSCCore::SuperColliderExample" /* SuperColliderExample */,
			);
		};
/* End PBXProject section */

/* Begin PBXSourcesBuildPhase section */
		OBJ_140 /* Sources */ = {
			isa = PBXSourcesBuildPhase;
			buildActionMask = 0;
			files = (
				OBJ_141 /* Package.swift in Sources */,
			);
			runOnlyForDeploymentPostprocessing = 0;
		};
		OBJ_151 /* Sources */ = {
			isa = PBXSourcesBuildPhase;
			buildActionMask = 0;
			files = (
				OBJ_152 /* AddressMatcherTests.swift in Sources */,
				OBJ_153 /* CommunicationTests.swift in Sources */,
				OBJ_154 /* DispatcherTests.swift in Sources */,
				OBJ_155 /* OSCBundleTests.swift in Sources */,
				OBJ_156 /* OSCMessageTests.swift in Sources */,
				OBJ_157 /* OSCTimeTagTests.swift in Sources */,
				OBJ_158 /* ValueConversionTests.swift in Sources */,
			);
			runOnlyForDeploymentPostprocessing = 0;
		};
		OBJ_167 /* Sources */ = {
			isa = PBXSourcesBuildPhase;
			buildActionMask = 0;
			files = (
				OBJ_168 /* Socket.swift in Sources */,
				OBJ_169 /* SocketProtocols.swift in Sources */,
				OBJ_170 /* SocketUtils.swift in Sources */,
			);
			runOnlyForDeploymentPostprocessing = 0;
		};
		OBJ_176 /* Sources */ = {
			isa = PBXSourcesBuildPhase;
			buildActionMask = 0;
			files = (
				OBJ_177 /* Package.swift in Sources */,
			);
			runOnlyForDeploymentPostprocessing = 0;
		};
		OBJ_182 /* Sources */ = {
			isa = PBXSourcesBuildPhase;
			buildActionMask = 0;
			files = (
				OBJ_183 /* main.swift in Sources */,
			);
			runOnlyForDeploymentPostprocessing = 0;
		};
		OBJ_83 /* Sources */ = {
			isa = PBXSourcesBuildPhase;
			buildActionMask = 0;
			files = (
				OBJ_84 /* main.swift in Sources */,
			);
			runOnlyForDeploymentPostprocessing = 0;
		};
		OBJ_95 /* Sources */ = {
			isa = PBXSourcesBuildPhase;
			buildActionMask = 0;
			files = (
				OBJ_96 /* Array+OSCMessageArgument.swift in Sources */,
				OBJ_97 /* Bool+OSCConvertible.swift in Sources */,
				OBJ_98 /* Byte.swift in Sources */,
				OBJ_99 /* Character+OSCConvertible.swift in Sources */,
				OBJ_100 /* Data+OSCMessageArgument.swift in Sources */,
				OBJ_101 /* Double+OSCMessageArgument.swift in Sources */,
				OBJ_102 /* Float+OSCMessageArgument.swift in Sources */,
				OBJ_103 /* Int+OSCMessageArgument.swift in Sources */,
				OBJ_104 /* MIDI+OSCMessageArgument.swift in Sources */,
				OBJ_105 /* OSCBundle+OSCConvertible.swift in Sources */,
				OBJ_106 /* OSCConvertible.swift in Sources */,
				OBJ_107 /* OSCMessage+OSCConvertible.swift in Sources */,
				OBJ_108 /* OSCMessageArgument.swift in Sources */,
				OBJ_109 /* OSCSymbol+OSCMessageArgument.swift in Sources */,
				OBJ_110 /* OSCTimeTag+OSCMessageArgument.swift in Sources */,
				OBJ_111 /* RGBA+OSCMessageArgument.swift in Sources */,
				OBJ_112 /* String+OSCMessageArgument.swift in Sources */,
				OBJ_113 /* alignment.swift in Sources */,
				OBJ_114 /* extract.swift in Sources */,
				OBJ_115 /* helpers.swift in Sources */,
				OBJ_116 /* BasicMessageDispatcher.swift in Sources */,
				OBJ_117 /* OSCBundle+MessageEventHandler.swift in Sources */,
				OBJ_118 /* events.swift in Sources */,
				OBJ_119 /* matcher.swift in Sources */,
				OBJ_120 /* OSCBundle+OSCChannel.swift in Sources */,
				OBJ_121 /* OSCChannel.swift in Sources */,
				OBJ_122 /* OSCMessage+OSCChannel.swift in Sources */,
				OBJ_123 /* UDPChannel.swift in Sources */,
				OBJ_124 /* UDPClient.swift in Sources */,
				OBJ_125 /* UDPListener.swift in Sources */,
				OBJ_126 /* MIDI.swift in Sources */,
				OBJ_127 /* OSCBundle.swift in Sources */,
				OBJ_128 /* OSCMessage.swift in Sources */,
				OBJ_129 /* OSCSymbol.swift in Sources */,
				OBJ_130 /* OSCTimeTag.swift in Sources */,
				OBJ_131 /* RGBA.swift in Sources */,
				OBJ_132 /* TypeTagValues.swift in Sources */,
			);
			runOnlyForDeploymentPostprocessing = 0;
		};
/* End PBXSourcesBuildPhase section */

/* Begin PBXTargetDependency section */
		OBJ_135 /* PBXTargetDependency */ = {
			isa = PBXTargetDependency;
			target = "Socket::Socket" /* Socket */;
			targetProxy = C24183A82072B1C600AE1F2E /* PBXContainerItemProxy */;
		};
		OBJ_146 /* PBXTargetDependency */ = {
			isa = PBXTargetDependency;
			target = "OSCCore::OSCCoreTests" /* OSCCoreTests */;
			targetProxy = C24183AF2072B1CA00AE1F2E /* PBXContainerItemProxy */;
		};
		OBJ_162 /* PBXTargetDependency */ = {
			isa = PBXTargetDependency;
			target = "OSCCore::OSCCore" /* OSCCore */;
			targetProxy = C24183AD2072B1C600AE1F2E /* PBXContainerItemProxy */;
		};
		OBJ_163 /* PBXTargetDependency */ = {
			isa = PBXTargetDependency;
			target = "Socket::Socket" /* Socket */;
			targetProxy = C24183AE2072B1C600AE1F2E /* PBXContainerItemProxy */;
		};
		OBJ_187 /* PBXTargetDependency */ = {
			isa = PBXTargetDependency;
			target = "OSCCore::OSCCore" /* OSCCore */;
			targetProxy = C24183A92072B1C600AE1F2E /* PBXContainerItemProxy */;
		};
		OBJ_188 /* PBXTargetDependency */ = {
			isa = PBXTargetDependency;
			target = "Socket::Socket" /* Socket */;
			targetProxy = C24183AA2072B1C600AE1F2E /* PBXContainerItemProxy */;
		};
		OBJ_88 /* PBXTargetDependency */ = {
			isa = PBXTargetDependency;
			target = "OSCCore::OSCCore" /* OSCCore */;
			targetProxy = C24183AB2072B1C600AE1F2E /* PBXContainerItemProxy */;
		};
		OBJ_90 /* PBXTargetDependency */ = {
			isa = PBXTargetDependency;
			target = "Socket::Socket" /* Socket */;
			targetProxy = C24183AC2072B1C600AE1F2E /* PBXContainerItemProxy */;
		};
/* End PBXTargetDependency section */

/* Begin XCBuildConfiguration section */
		OBJ_138 /* Debug */ = {
			isa = XCBuildConfiguration;
			buildSettings = {
				LD = /usr/bin/true;
				OTHER_SWIFT_FLAGS = "-swift-version 4 -I $(TOOLCHAIN_DIR)/usr/lib/swift/pm/4 -target x86_64-apple-macosx10.10 -sdk /Applications/Xcode.app/Contents/Developer/Platforms/MacOSX.platform/Developer/SDKs/MacOSX10.13.sdk";
				SWIFT_VERSION = 4.0;
			};
			name = Debug;
		};
		OBJ_139 /* Release */ = {
			isa = XCBuildConfiguration;
			buildSettings = {
				LD = /usr/bin/true;
				OTHER_SWIFT_FLAGS = "-swift-version 4 -I $(TOOLCHAIN_DIR)/usr/lib/swift/pm/4 -target x86_64-apple-macosx10.10 -sdk /Applications/Xcode.app/Contents/Developer/Platforms/MacOSX.platform/Developer/SDKs/MacOSX10.13.sdk";
				SWIFT_VERSION = 4.0;
			};
			name = Release;
		};
		OBJ_144 /* Debug */ = {
			isa = XCBuildConfiguration;
			buildSettings = {
			};
			name = Debug;
		};
		OBJ_145 /* Release */ = {
			isa = XCBuildConfiguration;
			buildSettings = {
			};
			name = Release;
		};
		OBJ_149 /* Debug */ = {
			isa = XCBuildConfiguration;
			buildSettings = {
				EMBEDDED_CONTENT_CONTAINS_SWIFT = YES;
				FRAMEWORK_SEARCH_PATHS = (
					"$(inherited)",
					"$(PLATFORM_DIR)/Developer/Library/Frameworks",
				);
				HEADER_SEARCH_PATHS = "$(inherited)";
				INFOPLIST_FILE = OSCCore.xcodeproj/OSCCoreTests_Info.plist;
				LD_RUNPATH_SEARCH_PATHS = "$(inherited) @loader_path/../Frameworks @loader_path/Frameworks";
				OTHER_CFLAGS = "$(inherited)";
				OTHER_LDFLAGS = "$(inherited)";
				OTHER_SWIFT_FLAGS = "$(inherited)";
				SWIFT_VERSION = 4.0;
				TARGET_NAME = OSCCoreTests;
			};
			name = Debug;
		};
		OBJ_150 /* Release */ = {
			isa = XCBuildConfiguration;
			buildSettings = {
				EMBEDDED_CONTENT_CONTAINS_SWIFT = YES;
				FRAMEWORK_SEARCH_PATHS = (
					"$(inherited)",
					"$(PLATFORM_DIR)/Developer/Library/Frameworks",
				);
				HEADER_SEARCH_PATHS = "$(inherited)";
				INFOPLIST_FILE = OSCCore.xcodeproj/OSCCoreTests_Info.plist;
				LD_RUNPATH_SEARCH_PATHS = "$(inherited) @loader_path/../Frameworks @loader_path/Frameworks";
				OTHER_CFLAGS = "$(inherited)";
				OTHER_LDFLAGS = "$(inherited)";
				OTHER_SWIFT_FLAGS = "$(inherited)";
				SWIFT_VERSION = 4.0;
				TARGET_NAME = OSCCoreTests;
			};
			name = Release;
		};
		OBJ_165 /* Debug */ = {
			isa = XCBuildConfiguration;
			buildSettings = {
				ENABLE_TESTABILITY = YES;
				FRAMEWORK_SEARCH_PATHS = (
					"$(inherited)",
					"$(PLATFORM_DIR)/Developer/Library/Frameworks",
				);
				HEADER_SEARCH_PATHS = "$(inherited)";
				INFOPLIST_FILE = OSCCore.xcodeproj/Socket_Info.plist;
				LD_RUNPATH_SEARCH_PATHS = "$(inherited) $(TOOLCHAIN_DIR)/usr/lib/swift/macosx";
				OTHER_CFLAGS = "$(inherited)";
				OTHER_LDFLAGS = "$(inherited)";
				OTHER_SWIFT_FLAGS = "$(inherited)";
				PRODUCT_BUNDLE_IDENTIFIER = Socket;
				PRODUCT_MODULE_NAME = "$(TARGET_NAME:c99extidentifier)";
				PRODUCT_NAME = "$(TARGET_NAME:c99extidentifier)";
				SKIP_INSTALL = YES;
				SWIFT_VERSION = 4.0;
				TARGET_NAME = Socket;
			};
			name = Debug;
		};
		OBJ_166 /* Release */ = {
			isa = XCBuildConfiguration;
			buildSettings = {
				ENABLE_TESTABILITY = YES;
				FRAMEWORK_SEARCH_PATHS = (
					"$(inherited)",
					"$(PLATFORM_DIR)/Developer/Library/Frameworks",
				);
				HEADER_SEARCH_PATHS = "$(inherited)";
				INFOPLIST_FILE = OSCCore.xcodeproj/Socket_Info.plist;
				LD_RUNPATH_SEARCH_PATHS = "$(inherited) $(TOOLCHAIN_DIR)/usr/lib/swift/macosx";
				OTHER_CFLAGS = "$(inherited)";
				OTHER_LDFLAGS = "$(inherited)";
				OTHER_SWIFT_FLAGS = "$(inherited)";
				PRODUCT_BUNDLE_IDENTIFIER = Socket;
				PRODUCT_MODULE_NAME = "$(TARGET_NAME:c99extidentifier)";
				PRODUCT_NAME = "$(TARGET_NAME:c99extidentifier)";
				SKIP_INSTALL = YES;
				SWIFT_VERSION = 4.0;
				TARGET_NAME = Socket;
			};
			name = Release;
		};
		OBJ_174 /* Debug */ = {
			isa = XCBuildConfiguration;
			buildSettings = {
				LD = /usr/bin/true;
				OTHER_SWIFT_FLAGS = "-swift-version 4 -I $(TOOLCHAIN_DIR)/usr/lib/swift/pm/4 -target x86_64-apple-macosx10.10 -sdk /Applications/Xcode.app/Contents/Developer/Platforms/MacOSX.platform/Developer/SDKs/MacOSX10.13.sdk";
				SWIFT_VERSION = 4.0;
			};
			name = Debug;
		};
		OBJ_175 /* Release */ = {
			isa = XCBuildConfiguration;
			buildSettings = {
				LD = /usr/bin/true;
				OTHER_SWIFT_FLAGS = "-swift-version 4 -I $(TOOLCHAIN_DIR)/usr/lib/swift/pm/4 -target x86_64-apple-macosx10.10 -sdk /Applications/Xcode.app/Contents/Developer/Platforms/MacOSX.platform/Developer/SDKs/MacOSX10.13.sdk";
				SWIFT_VERSION = 4.0;
			};
			name = Release;
		};
		OBJ_180 /* Debug */ = {
			isa = XCBuildConfiguration;
			buildSettings = {
				FRAMEWORK_SEARCH_PATHS = (
					"$(inherited)",
					"$(PLATFORM_DIR)/Developer/Library/Frameworks",
				);
				HEADER_SEARCH_PATHS = "$(inherited)";
				INFOPLIST_FILE = OSCCore.xcodeproj/SuperColliderExample_Info.plist;
				LD_RUNPATH_SEARCH_PATHS = "$(inherited) $(TOOLCHAIN_DIR)/usr/lib/swift/macosx @executable_path";
				OTHER_CFLAGS = "$(inherited)";
				OTHER_LDFLAGS = "$(inherited)";
				OTHER_SWIFT_FLAGS = "$(inherited)";
				SWIFT_FORCE_DYNAMIC_LINK_STDLIB = YES;
				SWIFT_FORCE_STATIC_LINK_STDLIB = NO;
				SWIFT_VERSION = 4.0;
				TARGET_NAME = SuperColliderExample;
			};
			name = Debug;
		};
		OBJ_181 /* Release */ = {
			isa = XCBuildConfiguration;
			buildSettings = {
				FRAMEWORK_SEARCH_PATHS = (
					"$(inherited)",
					"$(PLATFORM_DIR)/Developer/Library/Frameworks",
				);
				HEADER_SEARCH_PATHS = "$(inherited)";
				INFOPLIST_FILE = OSCCore.xcodeproj/SuperColliderExample_Info.plist;
				LD_RUNPATH_SEARCH_PATHS = "$(inherited) $(TOOLCHAIN_DIR)/usr/lib/swift/macosx @executable_path";
				OTHER_CFLAGS = "$(inherited)";
				OTHER_LDFLAGS = "$(inherited)";
				OTHER_SWIFT_FLAGS = "$(inherited)";
				SWIFT_FORCE_DYNAMIC_LINK_STDLIB = YES;
				SWIFT_FORCE_STATIC_LINK_STDLIB = NO;
				SWIFT_VERSION = 4.0;
				TARGET_NAME = SuperColliderExample;
			};
			name = Release;
		};
		OBJ_3 /* Debug */ = {
			isa = XCBuildConfiguration;
			buildSettings = {
				CLANG_ENABLE_OBJC_ARC = YES;
				COMBINE_HIDPI_IMAGES = YES;
				COPY_PHASE_STRIP = NO;
				DEBUG_INFORMATION_FORMAT = dwarf;
				DYLIB_INSTALL_NAME_BASE = "@rpath";
				ENABLE_NS_ASSERTIONS = YES;
				GCC_OPTIMIZATION_LEVEL = 0;
				MACOSX_DEPLOYMENT_TARGET = 10.10;
				ONLY_ACTIVE_ARCH = YES;
				OTHER_SWIFT_FLAGS = "-DXcode";
				PRODUCT_NAME = "$(TARGET_NAME)";
				SDKROOT = macosx;
				SUPPORTED_PLATFORMS = "macosx iphoneos iphonesimulator appletvos appletvsimulator watchos watchsimulator";
				SWIFT_ACTIVE_COMPILATION_CONDITIONS = SWIFT_PACKAGE;
				SWIFT_OPTIMIZATION_LEVEL = "-Onone";
				USE_HEADERMAP = NO;
			};
			name = Debug;
		};
		OBJ_4 /* Release */ = {
			isa = XCBuildConfiguration;
			buildSettings = {
				CLANG_ENABLE_OBJC_ARC = YES;
				COMBINE_HIDPI_IMAGES = YES;
				COPY_PHASE_STRIP = YES;
				DEBUG_INFORMATION_FORMAT = "dwarf-with-dsym";
				DYLIB_INSTALL_NAME_BASE = "@rpath";
				GCC_OPTIMIZATION_LEVEL = s;
				MACOSX_DEPLOYMENT_TARGET = 10.10;
				OTHER_SWIFT_FLAGS = "-DXcode";
				PRODUCT_NAME = "$(TARGET_NAME)";
				SDKROOT = macosx;
				SUPPORTED_PLATFORMS = "macosx iphoneos iphonesimulator appletvos appletvsimulator watchos watchsimulator";
				SWIFT_ACTIVE_COMPILATION_CONDITIONS = SWIFT_PACKAGE;
				SWIFT_OPTIMIZATION_LEVEL = "-Owholemodule";
				USE_HEADERMAP = NO;
			};
			name = Release;
		};
		OBJ_81 /* Debug */ = {
			isa = XCBuildConfiguration;
			buildSettings = {
				FRAMEWORK_SEARCH_PATHS = (
					"$(inherited)",
					"$(PLATFORM_DIR)/Developer/Library/Frameworks",
				);
				HEADER_SEARCH_PATHS = "$(inherited)";
				INFOPLIST_FILE = OSCCore.xcodeproj/BasicListener_Info.plist;
				LD_RUNPATH_SEARCH_PATHS = "$(inherited) $(TOOLCHAIN_DIR)/usr/lib/swift/macosx @executable_path";
				OTHER_CFLAGS = "$(inherited)";
				OTHER_LDFLAGS = "$(inherited)";
				OTHER_SWIFT_FLAGS = "$(inherited)";
				SWIFT_FORCE_DYNAMIC_LINK_STDLIB = YES;
				SWIFT_FORCE_STATIC_LINK_STDLIB = NO;
				SWIFT_VERSION = 4.0;
				TARGET_NAME = BasicListener;
			};
			name = Debug;
		};
		OBJ_82 /* Release */ = {
			isa = XCBuildConfiguration;
			buildSettings = {
				FRAMEWORK_SEARCH_PATHS = (
					"$(inherited)",
					"$(PLATFORM_DIR)/Developer/Library/Frameworks",
				);
				HEADER_SEARCH_PATHS = "$(inherited)";
				INFOPLIST_FILE = OSCCore.xcodeproj/BasicListener_Info.plist;
				LD_RUNPATH_SEARCH_PATHS = "$(inherited) $(TOOLCHAIN_DIR)/usr/lib/swift/macosx @executable_path";
				OTHER_CFLAGS = "$(inherited)";
				OTHER_LDFLAGS = "$(inherited)";
				OTHER_SWIFT_FLAGS = "$(inherited)";
				SWIFT_FORCE_DYNAMIC_LINK_STDLIB = YES;
				SWIFT_FORCE_STATIC_LINK_STDLIB = NO;
				SWIFT_VERSION = 4.0;
				TARGET_NAME = BasicListener;
			};
			name = Release;
		};
		OBJ_93 /* Debug */ = {
			isa = XCBuildConfiguration;
			buildSettings = {
				ENABLE_TESTABILITY = YES;
				FRAMEWORK_SEARCH_PATHS = (
					"$(inherited)",
					"$(PLATFORM_DIR)/Developer/Library/Frameworks",
				);
				HEADER_SEARCH_PATHS = "$(inherited)";
				INFOPLIST_FILE = OSCCore.xcodeproj/OSCCore_Info.plist;
				LD_RUNPATH_SEARCH_PATHS = "$(inherited) $(TOOLCHAIN_DIR)/usr/lib/swift/macosx";
				OTHER_CFLAGS = "$(inherited)";
				OTHER_LDFLAGS = "$(inherited)";
				OTHER_SWIFT_FLAGS = "$(inherited)";
				PRODUCT_BUNDLE_IDENTIFIER = OSCCore;
				PRODUCT_MODULE_NAME = "$(TARGET_NAME:c99extidentifier)";
				PRODUCT_NAME = "$(TARGET_NAME:c99extidentifier)";
				SKIP_INSTALL = YES;
				SWIFT_VERSION = 4.0;
				TARGET_NAME = OSCCore;
			};
			name = Debug;
		};
		OBJ_94 /* Release */ = {
			isa = XCBuildConfiguration;
			buildSettings = {
				ENABLE_TESTABILITY = YES;
				FRAMEWORK_SEARCH_PATHS = (
					"$(inherited)",
					"$(PLATFORM_DIR)/Developer/Library/Frameworks",
				);
				HEADER_SEARCH_PATHS = "$(inherited)";
				INFOPLIST_FILE = OSCCore.xcodeproj/OSCCore_Info.plist;
				LD_RUNPATH_SEARCH_PATHS = "$(inherited) $(TOOLCHAIN_DIR)/usr/lib/swift/macosx";
				OTHER_CFLAGS = "$(inherited)";
				OTHER_LDFLAGS = "$(inherited)";
				OTHER_SWIFT_FLAGS = "$(inherited)";
				PRODUCT_BUNDLE_IDENTIFIER = OSCCore;
				PRODUCT_MODULE_NAME = "$(TARGET_NAME:c99extidentifier)";
				PRODUCT_NAME = "$(TARGET_NAME:c99extidentifier)";
				SKIP_INSTALL = YES;
				SWIFT_VERSION = 4.0;
				TARGET_NAME = OSCCore;
			};
			name = Release;
		};
/* End XCBuildConfiguration section */

/* Begin XCConfigurationList section */
		OBJ_137 /* Build configuration list for PBXNativeTarget "OSCCorePackageDescription" */ = {
			isa = XCConfigurationList;
			buildConfigurations = (
				OBJ_138 /* Debug */,
				OBJ_139 /* Release */,
			);
			defaultConfigurationIsVisible = 0;
			defaultConfigurationName = Release;
		};
		OBJ_143 /* Build configuration list for PBXAggregateTarget "OSCCorePackageTests" */ = {
			isa = XCConfigurationList;
			buildConfigurations = (
				OBJ_144 /* Debug */,
				OBJ_145 /* Release */,
			);
			defaultConfigurationIsVisible = 0;
			defaultConfigurationName = Release;
		};
		OBJ_148 /* Build configuration list for PBXNativeTarget "OSCCoreTests" */ = {
			isa = XCConfigurationList;
			buildConfigurations = (
				OBJ_149 /* Debug */,
				OBJ_150 /* Release */,
			);
			defaultConfigurationIsVisible = 0;
			defaultConfigurationName = Release;
		};
		OBJ_164 /* Build configuration list for PBXNativeTarget "Socket" */ = {
			isa = XCConfigurationList;
			buildConfigurations = (
				OBJ_165 /* Debug */,
				OBJ_166 /* Release */,
			);
			defaultConfigurationIsVisible = 0;
			defaultConfigurationName = Release;
		};
		OBJ_173 /* Build configuration list for PBXNativeTarget "SocketPackageDescription" */ = {
			isa = XCConfigurationList;
			buildConfigurations = (
				OBJ_174 /* Debug */,
				OBJ_175 /* Release */,
			);
			defaultConfigurationIsVisible = 0;
			defaultConfigurationName = Release;
		};
		OBJ_179 /* Build configuration list for PBXNativeTarget "SuperColliderExample" */ = {
			isa = XCConfigurationList;
			buildConfigurations = (
				OBJ_180 /* Debug */,
				OBJ_181 /* Release */,
			);
			defaultConfigurationIsVisible = 0;
			defaultConfigurationName = Release;
		};
		OBJ_2 /* Build configuration list for PBXProject "OSCCore" */ = {
			isa = XCConfigurationList;
			buildConfigurations = (
				OBJ_3 /* Debug */,
				OBJ_4 /* Release */,
			);
			defaultConfigurationIsVisible = 0;
			defaultConfigurationName = Release;
		};
		OBJ_80 /* Build configuration list for PBXNativeTarget "BasicListener" */ = {
			isa = XCConfigurationList;
			buildConfigurations = (
				OBJ_81 /* Debug */,
				OBJ_82 /* Release */,
			);
			defaultConfigurationIsVisible = 0;
			defaultConfigurationName = Release;
		};
		OBJ_92 /* Build configuration list for PBXNativeTarget "OSCCore" */ = {
			isa = XCConfigurationList;
			buildConfigurations = (
				OBJ_93 /* Debug */,
				OBJ_94 /* Release */,
			);
			defaultConfigurationIsVisible = 0;
			defaultConfigurationName = Release;
		};
/* End XCConfigurationList section */
	};
	rootObject = OBJ_1 /* Project object */;
}
