// !$*UTF8*$!
{
   archiveVersion = "1";
   objectVersion = "46";
   objects = {
      "OBJ_1" = {
         isa = "PBXProject";
         attributes = {
            LastUpgradeCheck = "9999";
         };
         buildConfigurationList = "OBJ_2";
         compatibilityVersion = "Xcode 3.2";
         developmentRegion = "English";
         hasScannedForEncodings = "0";
         knownRegions = (
            "en",
         );
         mainGroup = "OBJ_5";
         productRefGroup = "OBJ_71";
         projectDirPath = ".";
         targets = (
            "OSCCore::SwiftPMPackageDescription",
            "Socket::SwiftPMPackageDescription",
            "OSCCore::BasicListener",
            "OSCCore::OSCCoreTests",
            "OSCCore::SuperColliderExample",
            "OSCCore::OSCCore",
            "Socket::Socket",
            "OSCCore::OSCCorePackageTests::ProductTarget",
         );
      };
      "OBJ_10" = {
         isa = "PBXFileReference";
         path = "Array+OSCMessageArgument.swift";
         sourceTree = "<group>";
      };
      "OBJ_100" = {
         isa = "PBXTargetDependency";
         target = "Socket::Socket";
      };
      "OBJ_103" = {
         isa = "XCConfigurationList";
         buildConfigurations = (
            "OBJ_104",
            "OBJ_105",
         );
         defaultConfigurationIsVisible = "0";
         defaultConfigurationName = "Debug";
      };
      "OBJ_104" = {
         isa = "XCBuildConfiguration";
         buildSettings = {
            EMBEDDED_CONTENT_CONTAINS_SWIFT = "YES";
            FRAMEWORK_SEARCH_PATHS = (
               "$(inherited)",
               "$(PLATFORM_DIR)/Developer/Library/Frameworks",
            );
            HEADER_SEARCH_PATHS = (
               "$(inherited)",
            );
            INFOPLIST_FILE = "OSCCore.xcodeproj/OSCCoreTests_Info.plist";
            LD_RUNPATH_SEARCH_PATHS = (
               "@loader_path/../Frameworks",
               "@loader_path/Frameworks",
            );
            OTHER_LDFLAGS = (
               "$(inherited)",
            );
            OTHER_SWIFT_FLAGS = (
               "$(inherited)",
            );
            SWIFT_VERSION = "4.0";
            TARGET_NAME = "OSCCoreTests";
         };
         name = "Debug";
      };
      "OBJ_105" = {
         isa = "XCBuildConfiguration";
         buildSettings = {
            EMBEDDED_CONTENT_CONTAINS_SWIFT = "YES";
            FRAMEWORK_SEARCH_PATHS = (
               "$(inherited)",
               "$(PLATFORM_DIR)/Developer/Library/Frameworks",
            );
            HEADER_SEARCH_PATHS = (
               "$(inherited)",
            );
            INFOPLIST_FILE = "OSCCore.xcodeproj/OSCCoreTests_Info.plist";
            LD_RUNPATH_SEARCH_PATHS = (
               "@loader_path/../Frameworks",
               "@loader_path/Frameworks",
            );
            OTHER_LDFLAGS = (
               "$(inherited)",
            );
            OTHER_SWIFT_FLAGS = (
               "$(inherited)",
            );
            SWIFT_VERSION = "4.0";
            TARGET_NAME = "OSCCoreTests";
         };
         name = "Release";
      };
      "OBJ_106" = {
         isa = "PBXSourcesBuildPhase";
         files = (
            "OBJ_107",
            "OBJ_108",
            "OBJ_109",
            "OBJ_110",
            "OBJ_111",
            "OBJ_112",
            "OBJ_113",
         );
      };
      "OBJ_107" = {
         isa = "PBXBuildFile";
         fileRef = "OBJ_56";
      };
      "OBJ_108" = {
         isa = "PBXBuildFile";
         fileRef = "OBJ_57";
      };
      "OBJ_109" = {
         isa = "PBXBuildFile";
         fileRef = "OBJ_58";
      };
      "OBJ_11" = {
         isa = "PBXFileReference";
         path = "Bool+OSCConvertible.swift";
         sourceTree = "<group>";
      };
      "OBJ_110" = {
         isa = "PBXBuildFile";
         fileRef = "OBJ_59";
      };
      "OBJ_111" = {
         isa = "PBXBuildFile";
         fileRef = "OBJ_60";
      };
      "OBJ_112" = {
         isa = "PBXBuildFile";
         fileRef = "OBJ_61";
      };
      "OBJ_113" = {
         isa = "PBXBuildFile";
         fileRef = "OBJ_62";
      };
      "OBJ_114" = {
         isa = "PBXFrameworksBuildPhase";
         files = (
            "OBJ_115",
            "OBJ_116",
         );
      };
      "OBJ_115" = {
         isa = "PBXBuildFile";
         fileRef = "OSCCore::OSCCore::Product";
      };
      "OBJ_116" = {
         isa = "PBXBuildFile";
         fileRef = "Socket::Socket::Product";
      };
      "OBJ_117" = {
         isa = "PBXTargetDependency";
         target = "OSCCore::OSCCore";
      };
      "OBJ_118" = {
         isa = "PBXTargetDependency";
         target = "Socket::Socket";
      };
      "OBJ_12" = {
         isa = "PBXFileReference";
         path = "Byte.swift";
         sourceTree = "<group>";
      };
      "OBJ_120" = {
         isa = "XCConfigurationList";
         buildConfigurations = (
            "OBJ_121",
            "OBJ_122",
         );
         defaultConfigurationIsVisible = "0";
         defaultConfigurationName = "Debug";
      };
      "OBJ_121" = {
         isa = "XCBuildConfiguration";
         buildSettings = {
            FRAMEWORK_SEARCH_PATHS = (
               "$(inherited)",
               "$(PLATFORM_DIR)/Developer/Library/Frameworks",
            );
            HEADER_SEARCH_PATHS = (
               "$(inherited)",
            );
            INFOPLIST_FILE = "OSCCore.xcodeproj/SuperColliderExample_Info.plist";
            LD_RUNPATH_SEARCH_PATHS = (
               "$(TOOLCHAIN_DIR)/usr/lib/swift/macosx",
               "@executable_path",
            );
            OTHER_LDFLAGS = (
               "$(inherited)",
            );
            OTHER_SWIFT_FLAGS = (
               "$(inherited)",
            );
            SWIFT_FORCE_DYNAMIC_LINK_STDLIB = "YES";
            SWIFT_FORCE_STATIC_LINK_STDLIB = "NO";
            SWIFT_VERSION = "4.0";
            TARGET_NAME = "SuperColliderExample";
         };
         name = "Debug";
      };
      "OBJ_122" = {
         isa = "XCBuildConfiguration";
         buildSettings = {
            FRAMEWORK_SEARCH_PATHS = (
               "$(inherited)",
               "$(PLATFORM_DIR)/Developer/Library/Frameworks",
            );
            HEADER_SEARCH_PATHS = (
               "$(inherited)",
            );
            INFOPLIST_FILE = "OSCCore.xcodeproj/SuperColliderExample_Info.plist";
            LD_RUNPATH_SEARCH_PATHS = (
               "$(TOOLCHAIN_DIR)/usr/lib/swift/macosx",
               "@executable_path",
            );
            OTHER_LDFLAGS = (
               "$(inherited)",
            );
            OTHER_SWIFT_FLAGS = (
               "$(inherited)",
            );
            SWIFT_FORCE_DYNAMIC_LINK_STDLIB = "YES";
            SWIFT_FORCE_STATIC_LINK_STDLIB = "NO";
            SWIFT_VERSION = "4.0";
            TARGET_NAME = "SuperColliderExample";
         };
         name = "Release";
      };
      "OBJ_123" = {
         isa = "PBXSourcesBuildPhase";
         files = (
            "OBJ_124",
         );
      };
      "OBJ_124" = {
         isa = "PBXBuildFile";
         fileRef = "OBJ_51";
      };
      "OBJ_125" = {
         isa = "PBXFrameworksBuildPhase";
         files = (
            "OBJ_126",
            "OBJ_127",
         );
      };
      "OBJ_126" = {
         isa = "PBXBuildFile";
         fileRef = "OSCCore::OSCCore::Product";
      };
      "OBJ_127" = {
         isa = "PBXBuildFile";
         fileRef = "Socket::Socket::Product";
      };
      "OBJ_128" = {
         isa = "PBXTargetDependency";
         target = "OSCCore::OSCCore";
      };
      "OBJ_129" = {
         isa = "PBXTargetDependency";
         target = "Socket::Socket";
      };
      "OBJ_13" = {
         isa = "PBXFileReference";
         path = "Character+OSCConvertible.swift";
         sourceTree = "<group>";
      };
      "OBJ_130" = {
         isa = "XCConfigurationList";
         buildConfigurations = (
            "OBJ_131",
            "OBJ_132",
         );
         defaultConfigurationIsVisible = "0";
         defaultConfigurationName = "Debug";
      };
      "OBJ_131" = {
         isa = "XCBuildConfiguration";
         buildSettings = {
            ENABLE_TESTABILITY = "YES";
            FRAMEWORK_SEARCH_PATHS = (
               "$(inherited)",
               "$(PLATFORM_DIR)/Developer/Library/Frameworks",
            );
            HEADER_SEARCH_PATHS = (
               "$(inherited)",
            );
            INFOPLIST_FILE = "OSCCore.xcodeproj/OSCCore_Info.plist";
            LD_RUNPATH_SEARCH_PATHS = (
               "$(TOOLCHAIN_DIR)/usr/lib/swift/macosx",
            );
            OTHER_LDFLAGS = (
               "$(inherited)",
            );
            OTHER_SWIFT_FLAGS = (
               "$(inherited)",
            );
            PRODUCT_BUNDLE_IDENTIFIER = "OSCCore";
            PRODUCT_MODULE_NAME = "$(TARGET_NAME:c99extidentifier)";
            PRODUCT_NAME = "$(TARGET_NAME:c99extidentifier)";
            SKIP_INSTALL = "YES";
            SWIFT_VERSION = "4.0";
            TARGET_NAME = "OSCCore";
         };
         name = "Debug";
      };
      "OBJ_132" = {
         isa = "XCBuildConfiguration";
         buildSettings = {
            ENABLE_TESTABILITY = "YES";
            FRAMEWORK_SEARCH_PATHS = (
               "$(inherited)",
               "$(PLATFORM_DIR)/Developer/Library/Frameworks",
            );
            HEADER_SEARCH_PATHS = (
               "$(inherited)",
            );
            INFOPLIST_FILE = "OSCCore.xcodeproj/OSCCore_Info.plist";
            LD_RUNPATH_SEARCH_PATHS = (
               "$(TOOLCHAIN_DIR)/usr/lib/swift/macosx",
            );
            OTHER_LDFLAGS = (
               "$(inherited)",
            );
            OTHER_SWIFT_FLAGS = (
               "$(inherited)",
            );
            PRODUCT_BUNDLE_IDENTIFIER = "OSCCore";
            PRODUCT_MODULE_NAME = "$(TARGET_NAME:c99extidentifier)";
            PRODUCT_NAME = "$(TARGET_NAME:c99extidentifier)";
            SKIP_INSTALL = "YES";
            SWIFT_VERSION = "4.0";
            TARGET_NAME = "OSCCore";
         };
         name = "Release";
      };
      "OBJ_133" = {
         isa = "PBXSourcesBuildPhase";
         files = (
            "OBJ_134",
            "OBJ_135",
            "OBJ_136",
            "OBJ_137",
            "OBJ_138",
            "OBJ_139",
            "OBJ_140",
            "OBJ_141",
            "OBJ_142",
            "OBJ_143",
            "OBJ_144",
            "OBJ_145",
            "OBJ_146",
            "OBJ_147",
            "OBJ_148",
            "OBJ_149",
            "OBJ_150",
            "OBJ_151",
            "OBJ_152",
            "OBJ_153",
            "OBJ_154",
            "OBJ_155",
            "OBJ_156",
            "OBJ_157",
            "OBJ_158",
            "OBJ_159",
            "OBJ_160",
            "OBJ_161",
            "OBJ_162",
            "OBJ_163",
            "OBJ_164",
            "OBJ_165",
            "OBJ_166",
            "OBJ_167",
            "OBJ_168",
            "OBJ_169",
            "OBJ_170",
         );
      };
      "OBJ_134" = {
         isa = "PBXBuildFile";
         fileRef = "OBJ_10";
      };
      "OBJ_135" = {
         isa = "PBXBuildFile";
         fileRef = "OBJ_11";
      };
      "OBJ_136" = {
         isa = "PBXBuildFile";
         fileRef = "OBJ_12";
      };
      "OBJ_137" = {
         isa = "PBXBuildFile";
         fileRef = "OBJ_13";
      };
      "OBJ_138" = {
         isa = "PBXBuildFile";
         fileRef = "OBJ_14";
      };
      "OBJ_139" = {
         isa = "PBXBuildFile";
         fileRef = "OBJ_15";
      };
      "OBJ_14" = {
         isa = "PBXFileReference";
         path = "Data+OSCMessageArgument.swift";
         sourceTree = "<group>";
      };
      "OBJ_140" = {
         isa = "PBXBuildFile";
         fileRef = "OBJ_16";
      };
      "OBJ_141" = {
         isa = "PBXBuildFile";
         fileRef = "OBJ_17";
      };
      "OBJ_142" = {
         isa = "PBXBuildFile";
         fileRef = "OBJ_18";
      };
      "OBJ_143" = {
         isa = "PBXBuildFile";
         fileRef = "OBJ_19";
      };
      "OBJ_144" = {
         isa = "PBXBuildFile";
         fileRef = "OBJ_20";
      };
      "OBJ_145" = {
         isa = "PBXBuildFile";
         fileRef = "OBJ_21";
      };
      "OBJ_146" = {
         isa = "PBXBuildFile";
         fileRef = "OBJ_22";
      };
      "OBJ_147" = {
         isa = "PBXBuildFile";
         fileRef = "OBJ_23";
      };
      "OBJ_148" = {
         isa = "PBXBuildFile";
         fileRef = "OBJ_24";
      };
      "OBJ_149" = {
         isa = "PBXBuildFile";
         fileRef = "OBJ_25";
      };
      "OBJ_15" = {
         isa = "PBXFileReference";
         path = "Double+OSCMessageArgument.swift";
         sourceTree = "<group>";
      };
      "OBJ_150" = {
         isa = "PBXBuildFile";
         fileRef = "OBJ_26";
      };
      "OBJ_151" = {
         isa = "PBXBuildFile";
         fileRef = "OBJ_27";
      };
      "OBJ_152" = {
         isa = "PBXBuildFile";
         fileRef = "OBJ_28";
      };
      "OBJ_153" = {
         isa = "PBXBuildFile";
         fileRef = "OBJ_29";
      };
      "OBJ_154" = {
         isa = "PBXBuildFile";
         fileRef = "OBJ_31";
      };
      "OBJ_155" = {
         isa = "PBXBuildFile";
         fileRef = "OBJ_32";
      };
      "OBJ_156" = {
         isa = "PBXBuildFile";
         fileRef = "OBJ_33";
      };
      "OBJ_157" = {
         isa = "PBXBuildFile";
         fileRef = "OBJ_34";
      };
      "OBJ_158" = {
         isa = "PBXBuildFile";
         fileRef = "OBJ_36";
      };
      "OBJ_159" = {
         isa = "PBXBuildFile";
         fileRef = "OBJ_37";
      };
      "OBJ_16" = {
         isa = "PBXFileReference";
         path = "Float+OSCMessageArgument.swift";
         sourceTree = "<group>";
      };
      "OBJ_160" = {
         isa = "PBXBuildFile";
         fileRef = "OBJ_38";
      };
      "OBJ_161" = {
         isa = "PBXBuildFile";
         fileRef = "OBJ_39";
      };
      "OBJ_162" = {
         isa = "PBXBuildFile";
         fileRef = "OBJ_40";
      };
      "OBJ_163" = {
         isa = "PBXBuildFile";
         fileRef = "OBJ_41";
      };
      "OBJ_164" = {
         isa = "PBXBuildFile";
         fileRef = "OBJ_43";
      };
      "OBJ_165" = {
         isa = "PBXBuildFile";
         fileRef = "OBJ_44";
      };
      "OBJ_166" = {
         isa = "PBXBuildFile";
         fileRef = "OBJ_45";
      };
      "OBJ_167" = {
         isa = "PBXBuildFile";
         fileRef = "OBJ_46";
      };
      "OBJ_168" = {
         isa = "PBXBuildFile";
         fileRef = "OBJ_47";
      };
      "OBJ_169" = {
         isa = "PBXBuildFile";
         fileRef = "OBJ_48";
      };
      "OBJ_17" = {
         isa = "PBXFileReference";
         path = "Int+OSCMessageArgument.swift";
         sourceTree = "<group>";
      };
      "OBJ_170" = {
         isa = "PBXBuildFile";
         fileRef = "OBJ_49";
      };
      "OBJ_171" = {
         isa = "PBXFrameworksBuildPhase";
         files = (
            "OBJ_172",
         );
      };
      "OBJ_172" = {
         isa = "PBXBuildFile";
         fileRef = "Socket::Socket::Product";
      };
      "OBJ_173" = {
         isa = "PBXTargetDependency";
         target = "Socket::Socket";
      };
      "OBJ_174" = {
         isa = "XCConfigurationList";
         buildConfigurations = (
            "OBJ_175",
            "OBJ_176",
         );
         defaultConfigurationIsVisible = "0";
         defaultConfigurationName = "Debug";
      };
      "OBJ_175" = {
         isa = "XCBuildConfiguration";
         buildSettings = {
            ENABLE_TESTABILITY = "YES";
            FRAMEWORK_SEARCH_PATHS = (
               "$(inherited)",
               "$(PLATFORM_DIR)/Developer/Library/Frameworks",
            );
            HEADER_SEARCH_PATHS = (
               "$(inherited)",
            );
            INFOPLIST_FILE = "OSCCore.xcodeproj/Socket_Info.plist";
            LD_RUNPATH_SEARCH_PATHS = (
               "$(TOOLCHAIN_DIR)/usr/lib/swift/macosx",
            );
            OTHER_LDFLAGS = (
               "$(inherited)",
            );
            OTHER_SWIFT_FLAGS = (
               "$(inherited)",
            );
            PRODUCT_BUNDLE_IDENTIFIER = "Socket";
            PRODUCT_MODULE_NAME = "$(TARGET_NAME:c99extidentifier)";
            PRODUCT_NAME = "$(TARGET_NAME:c99extidentifier)";
            SKIP_INSTALL = "YES";
            SWIFT_VERSION = "4.0";
            TARGET_NAME = "Socket";
         };
         name = "Debug";
      };
      "OBJ_176" = {
         isa = "XCBuildConfiguration";
         buildSettings = {
            ENABLE_TESTABILITY = "YES";
            FRAMEWORK_SEARCH_PATHS = (
               "$(inherited)",
               "$(PLATFORM_DIR)/Developer/Library/Frameworks",
            );
            HEADER_SEARCH_PATHS = (
               "$(inherited)",
            );
            INFOPLIST_FILE = "OSCCore.xcodeproj/Socket_Info.plist";
            LD_RUNPATH_SEARCH_PATHS = (
               "$(TOOLCHAIN_DIR)/usr/lib/swift/macosx",
            );
            OTHER_LDFLAGS = (
               "$(inherited)",
            );
            OTHER_SWIFT_FLAGS = (
               "$(inherited)",
            );
            PRODUCT_BUNDLE_IDENTIFIER = "Socket";
            PRODUCT_MODULE_NAME = "$(TARGET_NAME:c99extidentifier)";
            PRODUCT_NAME = "$(TARGET_NAME:c99extidentifier)";
            SKIP_INSTALL = "YES";
            SWIFT_VERSION = "4.0";
            TARGET_NAME = "Socket";
         };
         name = "Release";
      };
      "OBJ_177" = {
         isa = "PBXSourcesBuildPhase";
         files = (
            "OBJ_178",
            "OBJ_179",
            "OBJ_180",
         );
      };
      "OBJ_178" = {
         isa = "PBXBuildFile";
         fileRef = "OBJ_67";
      };
      "OBJ_179" = {
         isa = "PBXBuildFile";
         fileRef = "OBJ_68";
      };
      "OBJ_18" = {
         isa = "PBXFileReference";
         path = "MIDI+OSCMessageArgument.swift";
         sourceTree = "<group>";
      };
      "OBJ_180" = {
         isa = "PBXBuildFile";
         fileRef = "OBJ_69";
      };
      "OBJ_181" = {
         isa = "PBXFrameworksBuildPhase";
         files = (
         );
      };
      "OBJ_183" = {
         isa = "XCConfigurationList";
         buildConfigurations = (
            "OBJ_184",
            "OBJ_185",
         );
         defaultConfigurationIsVisible = "0";
         defaultConfigurationName = "Debug";
      };
      "OBJ_184" = {
         isa = "XCBuildConfiguration";
         buildSettings = {
         };
         name = "Debug";
      };
      "OBJ_185" = {
         isa = "XCBuildConfiguration";
         buildSettings = {
         };
         name = "Release";
      };
      "OBJ_186" = {
         isa = "PBXTargetDependency";
         target = "OSCCore::OSCCoreTests";
      };
      "OBJ_19" = {
         isa = "PBXFileReference";
         path = "OSCBundle+OSCConvertible.swift";
         sourceTree = "<group>";
      };
      "OBJ_2" = {
         isa = "XCConfigurationList";
         buildConfigurations = (
            "OBJ_3",
            "OBJ_4",
         );
         defaultConfigurationIsVisible = "0";
         defaultConfigurationName = "Debug";
      };
      "OBJ_20" = {
         isa = "PBXFileReference";
         path = "OSCConvertible.swift";
         sourceTree = "<group>";
      };
      "OBJ_21" = {
         isa = "PBXFileReference";
         path = "OSCMessage+OSCConvertible.swift";
         sourceTree = "<group>";
      };
      "OBJ_22" = {
         isa = "PBXFileReference";
         path = "OSCMessageArgument.swift";
         sourceTree = "<group>";
      };
      "OBJ_23" = {
         isa = "PBXFileReference";
         path = "OSCSymbol+OSCMessageArgument.swift";
         sourceTree = "<group>";
      };
      "OBJ_24" = {
         isa = "PBXFileReference";
         path = "OSCTimeTag+OSCMessageArgument.swift";
         sourceTree = "<group>";
      };
      "OBJ_25" = {
         isa = "PBXFileReference";
         path = "RGBA+OSCMessageArgument.swift";
         sourceTree = "<group>";
      };
      "OBJ_26" = {
         isa = "PBXFileReference";
         path = "String+OSCMessageArgument.swift";
         sourceTree = "<group>";
      };
      "OBJ_27" = {
         isa = "PBXFileReference";
         path = "alignment.swift";
         sourceTree = "<group>";
      };
      "OBJ_28" = {
         isa = "PBXFileReference";
         path = "extract.swift";
         sourceTree = "<group>";
      };
      "OBJ_29" = {
         isa = "PBXFileReference";
         path = "helpers.swift";
         sourceTree = "<group>";
      };
      "OBJ_3" = {
         isa = "XCBuildConfiguration";
         buildSettings = {
            CLANG_ENABLE_OBJC_ARC = "YES";
            COMBINE_HIDPI_IMAGES = "YES";
            COPY_PHASE_STRIP = "NO";
            DEBUG_INFORMATION_FORMAT = "dwarf";
            DYLIB_INSTALL_NAME_BASE = "@rpath";
            ENABLE_NS_ASSERTIONS = "YES";
            GCC_OPTIMIZATION_LEVEL = "0";
            MACOSX_DEPLOYMENT_TARGET = "10.10";
            ONLY_ACTIVE_ARCH = "YES";
            OTHER_SWIFT_FLAGS = (
               "-DXcode",
            );
            PRODUCT_NAME = "$(TARGET_NAME)";
            SDKROOT = "macosx";
            SUPPORTED_PLATFORMS = (
               "macosx",
               "iphoneos",
               "iphonesimulator",
               "appletvos",
               "appletvsimulator",
               "watchos",
               "watchsimulator",
            );
            SWIFT_ACTIVE_COMPILATION_CONDITIONS = "SWIFT_PACKAGE";
            SWIFT_OPTIMIZATION_LEVEL = "-Onone";
            USE_HEADERMAP = "NO";
         };
         name = "Debug";
      };
      "OBJ_30" = {
         isa = "PBXGroup";
         children = (
            "OBJ_31",
            "OBJ_32",
            "OBJ_33",
            "OBJ_34",
         );
         name = "dispatch";
         path = "dispatch";
         sourceTree = "<group>";
      };
      "OBJ_31" = {
         isa = "PBXFileReference";
         path = "BasicMessageDispatcher.swift";
         sourceTree = "<group>";
      };
      "OBJ_32" = {
         isa = "PBXFileReference";
         path = "OSCBundle+MessageEventHandler.swift";
         sourceTree = "<group>";
      };
      "OBJ_33" = {
         isa = "PBXFileReference";
         path = "events.swift";
         sourceTree = "<group>";
      };
      "OBJ_34" = {
         isa = "PBXFileReference";
         path = "matcher.swift";
         sourceTree = "<group>";
      };
      "OBJ_35" = {
         isa = "PBXGroup";
         children = (
            "OBJ_36",
            "OBJ_37",
            "OBJ_38",
            "OBJ_39",
            "OBJ_40",
            "OBJ_41",
         );
         name = "net";
         path = "net";
         sourceTree = "<group>";
      };
      "OBJ_36" = {
         isa = "PBXFileReference";
         path = "OSCBundle+OSCChannel.swift";
         sourceTree = "<group>";
      };
      "OBJ_37" = {
         isa = "PBXFileReference";
         path = "OSCChannel.swift";
         sourceTree = "<group>";
      };
      "OBJ_38" = {
         isa = "PBXFileReference";
         path = "OSCMessage+OSCChannel.swift";
         sourceTree = "<group>";
      };
      "OBJ_39" = {
         isa = "PBXFileReference";
         path = "UDPChannel.swift";
         sourceTree = "<group>";
      };
      "OBJ_4" = {
         isa = "XCBuildConfiguration";
         buildSettings = {
            CLANG_ENABLE_OBJC_ARC = "YES";
            COMBINE_HIDPI_IMAGES = "YES";
            COPY_PHASE_STRIP = "YES";
            DEBUG_INFORMATION_FORMAT = "dwarf-with-dsym";
            DYLIB_INSTALL_NAME_BASE = "@rpath";
            GCC_OPTIMIZATION_LEVEL = "s";
            MACOSX_DEPLOYMENT_TARGET = "10.10";
            OTHER_SWIFT_FLAGS = (
               "-DXcode",
            );
            PRODUCT_NAME = "$(TARGET_NAME)";
            SDKROOT = "macosx";
            SUPPORTED_PLATFORMS = (
               "macosx",
               "iphoneos",
               "iphonesimulator",
               "appletvos",
               "appletvsimulator",
               "watchos",
               "watchsimulator",
            );
            SWIFT_ACTIVE_COMPILATION_CONDITIONS = "SWIFT_PACKAGE";
            SWIFT_OPTIMIZATION_LEVEL = "-Owholemodule";
            USE_HEADERMAP = "NO";
         };
         name = "Release";
      };
      "OBJ_40" = {
         isa = "PBXFileReference";
         path = "UDPClient.swift";
         sourceTree = "<group>";
      };
      "OBJ_41" = {
         isa = "PBXFileReference";
         path = "UDPListener.swift";
         sourceTree = "<group>";
      };
      "OBJ_42" = {
         isa = "PBXGroup";
         children = (
            "OBJ_43",
            "OBJ_44",
            "OBJ_45",
            "OBJ_46",
            "OBJ_47",
            "OBJ_48",
            "OBJ_49",
         );
         name = "types";
         path = "types";
         sourceTree = "<group>";
      };
      "OBJ_43" = {
         isa = "PBXFileReference";
         path = "MIDI.swift";
         sourceTree = "<group>";
      };
      "OBJ_44" = {
         isa = "PBXFileReference";
         path = "OSCBundle.swift";
         sourceTree = "<group>";
      };
      "OBJ_45" = {
         isa = "PBXFileReference";
         path = "OSCMessage.swift";
         sourceTree = "<group>";
      };
      "OBJ_46" = {
         isa = "PBXFileReference";
         path = "OSCSymbol.swift";
         sourceTree = "<group>";
      };
      "OBJ_47" = {
         isa = "PBXFileReference";
         path = "OSCTimeTag.swift";
         sourceTree = "<group>";
      };
      "OBJ_48" = {
         isa = "PBXFileReference";
         path = "RGBA.swift";
         sourceTree = "<group>";
      };
      "OBJ_49" = {
         isa = "PBXFileReference";
         path = "TypeTagValues.swift";
         sourceTree = "<group>";
      };
      "OBJ_5" = {
         isa = "PBXGroup";
         children = (
            "OBJ_6",
            "OBJ_7",
            "OBJ_54",
            "OBJ_63",
            "OBJ_64",
            "OBJ_71",
         );
         path = "";
         sourceTree = "<group>";
      };
      "OBJ_50" = {
         isa = "PBXGroup";
         children = (
            "OBJ_51",
         );
         name = "SuperColliderExample";
         path = "Source/SuperColliderExample";
         sourceTree = "SOURCE_ROOT";
      };
      "OBJ_51" = {
         isa = "PBXFileReference";
         path = "main.swift";
         sourceTree = "<group>";
      };
      "OBJ_52" = {
         isa = "PBXGroup";
         children = (
            "OBJ_53",
         );
         name = "BasicListener";
         path = "Source/BasicListener";
         sourceTree = "SOURCE_ROOT";
      };
      "OBJ_53" = {
         isa = "PBXFileReference";
         path = "main.swift";
         sourceTree = "<group>";
      };
      "OBJ_54" = {
         isa = "PBXGroup";
         children = (
            "OBJ_55",
         );
         name = "Tests";
         path = "";
         sourceTree = "SOURCE_ROOT";
      };
      "OBJ_55" = {
         isa = "PBXGroup";
         children = (
            "OBJ_56",
            "OBJ_57",
            "OBJ_58",
            "OBJ_59",
            "OBJ_60",
            "OBJ_61",
            "OBJ_62",
         );
         name = "OSCCoreTests";
         path = "Tests/OSCCoreTests";
         sourceTree = "SOURCE_ROOT";
      };
      "OBJ_56" = {
         isa = "PBXFileReference";
         path = "AddressMatcherTests.swift";
         sourceTree = "<group>";
      };
      "OBJ_57" = {
         isa = "PBXFileReference";
         path = "CommunicationTests.swift";
         sourceTree = "<group>";
      };
      "OBJ_58" = {
         isa = "PBXFileReference";
         path = "DispatcherTests.swift";
         sourceTree = "<group>";
      };
      "OBJ_59" = {
         isa = "PBXFileReference";
         path = "OSCBundleTests.swift";
         sourceTree = "<group>";
      };
      "OBJ_6" = {
         isa = "PBXFileReference";
         explicitFileType = "sourcecode.swift";
         path = "Package.swift";
         sourceTree = "<group>";
      };
      "OBJ_60" = {
         isa = "PBXFileReference";
         path = "OSCMessageTests.swift";
         sourceTree = "<group>";
      };
      "OBJ_61" = {
         isa = "PBXFileReference";
         path = "OSCTimeTagTests.swift";
         sourceTree = "<group>";
      };
      "OBJ_62" = {
         isa = "PBXFileReference";
         path = "ValueConversionTests.swift";
         sourceTree = "<group>";
      };
      "OBJ_63" = {
         isa = "PBXFileReference";
         path = "Playgrounds";
         sourceTree = "SOURCE_ROOT";
      };
      "OBJ_64" = {
         isa = "PBXGroup";
         children = (
            "OBJ_65",
         );
         name = "Dependencies";
         path = "";
         sourceTree = "<group>";
      };
      "OBJ_65" = {
         isa = "PBXGroup";
         children = (
            "OBJ_66",
            "OBJ_70",
         );
         name = "Socket 0.12.82";
         path = "";
         sourceTree = "SOURCE_ROOT";
      };
      "OBJ_66" = {
         isa = "PBXGroup";
         children = (
            "OBJ_67",
            "OBJ_68",
            "OBJ_69",
         );
         name = "Socket";
         path = ".build/checkouts/BlueSocket-4701229415198575842/Sources/Socket";
         sourceTree = "SOURCE_ROOT";
      };
      "OBJ_67" = {
         isa = "PBXFileReference";
         path = "Socket.swift";
         sourceTree = "<group>";
      };
      "OBJ_68" = {
         isa = "PBXFileReference";
         path = "SocketProtocols.swift";
         sourceTree = "<group>";
      };
      "OBJ_69" = {
         isa = "PBXFileReference";
         path = "SocketUtils.swift";
         sourceTree = "<group>";
      };
      "OBJ_7" = {
         isa = "PBXGroup";
         children = (
            "OBJ_8",
            "OBJ_50",
            "OBJ_52",
         );
         name = "Sources";
         path = "";
         sourceTree = "SOURCE_ROOT";
      };
      "OBJ_70" = {
         isa = "PBXFileReference";
         explicitFileType = "sourcecode.swift";
         name = "Package.swift";
         path = "/Users/segabor/Workspace/SCPlayground/OSCCore/.build/checkouts/BlueSocket-4701229415198575842/Package.swift";
         sourceTree = "<group>";
      };
      "OBJ_71" = {
         isa = "PBXGroup";
         children = (
            "OSCCore::BasicListener::Product",
            "OSCCore::OSCCoreTests::Product",
            "OSCCore::SuperColliderExample::Product",
            "OSCCore::OSCCore::Product",
            "Socket::Socket::Product",
         );
         name = "Products";
         path = "";
         sourceTree = "BUILT_PRODUCTS_DIR";
      };
      "OBJ_78" = {
         isa = "XCConfigurationList";
         buildConfigurations = (
            "OBJ_79",
            "OBJ_80",
         );
         defaultConfigurationIsVisible = "0";
         defaultConfigurationName = "Debug";
      };
      "OBJ_79" = {
         isa = "XCBuildConfiguration";
         buildSettings = {
            LD = "/usr/bin/true";
            OTHER_SWIFT_FLAGS = (
               "-swift-version",
               "4",
               "-I",
               "/Applications/Xcode.app/Contents/Developer/Toolchains/XcodeDefault.xctoolchain/usr/lib/swift/pm/4",
               "-target",
               "x86_64-apple-macosx10.10",
               "-sdk",
               "/Applications/Xcode.app/Contents/Developer/Platforms/MacOSX.platform/Developer/SDKs/MacOSX10.13.sdk",
            );
            SWIFT_VERSION = "4.0";
         };
         name = "Debug";
      };
      "OBJ_8" = {
         isa = "PBXGroup";
         children = (
            "OBJ_9",
            "OBJ_30",
            "OBJ_35",
            "OBJ_42",
         );
         name = "OSCCore";
         path = "Source/OSCCore";
         sourceTree = "SOURCE_ROOT";
      };
      "OBJ_80" = {
         isa = "XCBuildConfiguration";
         buildSettings = {
            LD = "/usr/bin/true";
            OTHER_SWIFT_FLAGS = (
               "-swift-version",
               "4",
               "-I",
               "/Applications/Xcode.app/Contents/Developer/Toolchains/XcodeDefault.xctoolchain/usr/lib/swift/pm/4",
               "-target",
               "x86_64-apple-macosx10.10",
               "-sdk",
               "/Applications/Xcode.app/Contents/Developer/Platforms/MacOSX.platform/Developer/SDKs/MacOSX10.13.sdk",
            );
            SWIFT_VERSION = "4.0";
         };
         name = "Release";
      };
      "OBJ_81" = {
         isa = "PBXSourcesBuildPhase";
         files = (
            "OBJ_82",
         );
      };
      "OBJ_82" = {
         isa = "PBXBuildFile";
         fileRef = "OBJ_6";
      };
      "OBJ_84" = {
         isa = "XCConfigurationList";
         buildConfigurations = (
            "OBJ_85",
            "OBJ_86",
         );
         defaultConfigurationIsVisible = "0";
         defaultConfigurationName = "Debug";
      };
      "OBJ_85" = {
         isa = "XCBuildConfiguration";
         buildSettings = {
            LD = "/usr/bin/true";
            OTHER_SWIFT_FLAGS = (
               "-swift-version",
               "4",
               "-I",
               "/Applications/Xcode.app/Contents/Developer/Toolchains/XcodeDefault.xctoolchain/usr/lib/swift/pm/4",
               "-target",
               "x86_64-apple-macosx10.10",
               "-sdk",
               "/Applications/Xcode.app/Contents/Developer/Platforms/MacOSX.platform/Developer/SDKs/MacOSX10.13.sdk",
            );
            SWIFT_VERSION = "4.0";
         };
         name = "Debug";
      };
      "OBJ_86" = {
         isa = "XCBuildConfiguration";
         buildSettings = {
            LD = "/usr/bin/true";
            OTHER_SWIFT_FLAGS = (
               "-swift-version",
               "4",
               "-I",
               "/Applications/Xcode.app/Contents/Developer/Toolchains/XcodeDefault.xctoolchain/usr/lib/swift/pm/4",
               "-target",
               "x86_64-apple-macosx10.10",
               "-sdk",
               "/Applications/Xcode.app/Contents/Developer/Platforms/MacOSX.platform/Developer/SDKs/MacOSX10.13.sdk",
            );
            SWIFT_VERSION = "4.0";
         };
         name = "Release";
      };
      "OBJ_87" = {
         isa = "PBXSourcesBuildPhase";
         files = (
            "OBJ_88",
         );
      };
      "OBJ_88" = {
         isa = "PBXBuildFile";
         fileRef = "OBJ_70";
      };
      "OBJ_9" = {
         isa = "PBXGroup";
         children = (
            "OBJ_10",
            "OBJ_11",
            "OBJ_12",
            "OBJ_13",
            "OBJ_14",
            "OBJ_15",
            "OBJ_16",
            "OBJ_17",
            "OBJ_18",
            "OBJ_19",
            "OBJ_20",
            "OBJ_21",
            "OBJ_22",
            "OBJ_23",
            "OBJ_24",
            "OBJ_25",
            "OBJ_26",
            "OBJ_27",
            "OBJ_28",
            "OBJ_29",
         );
         name = "conversion";
         path = "conversion";
         sourceTree = "<group>";
      };
      "OBJ_90" = {
         isa = "XCConfigurationList";
         buildConfigurations = (
            "OBJ_91",
            "OBJ_92",
         );
         defaultConfigurationIsVisible = "0";
         defaultConfigurationName = "Debug";
      };
      "OBJ_91" = {
         isa = "XCBuildConfiguration";
         buildSettings = {
            FRAMEWORK_SEARCH_PATHS = (
               "$(inherited)",
               "$(PLATFORM_DIR)/Developer/Library/Frameworks",
            );
            HEADER_SEARCH_PATHS = (
               "$(inherited)",
            );
            INFOPLIST_FILE = "OSCCore.xcodeproj/BasicListener_Info.plist";
            LD_RUNPATH_SEARCH_PATHS = (
               "$(TOOLCHAIN_DIR)/usr/lib/swift/macosx",
               "@executable_path",
            );
            OTHER_LDFLAGS = (
               "$(inherited)",
            );
            OTHER_SWIFT_FLAGS = (
               "$(inherited)",
            );
            SWIFT_FORCE_DYNAMIC_LINK_STDLIB = "YES";
            SWIFT_FORCE_STATIC_LINK_STDLIB = "NO";
            SWIFT_VERSION = "4.0";
            TARGET_NAME = "BasicListener";
         };
         name = "Debug";
      };
      "OBJ_92" = {
         isa = "XCBuildConfiguration";
         buildSettings = {
            FRAMEWORK_SEARCH_PATHS = (
               "$(inherited)",
               "$(PLATFORM_DIR)/Developer/Library/Frameworks",
            );
            HEADER_SEARCH_PATHS = (
               "$(inherited)",
            );
            INFOPLIST_FILE = "OSCCore.xcodeproj/BasicListener_Info.plist";
            LD_RUNPATH_SEARCH_PATHS = (
               "$(TOOLCHAIN_DIR)/usr/lib/swift/macosx",
               "@executable_path",
            );
            OTHER_LDFLAGS = (
               "$(inherited)",
            );
            OTHER_SWIFT_FLAGS = (
               "$(inherited)",
            );
            SWIFT_FORCE_DYNAMIC_LINK_STDLIB = "YES";
            SWIFT_FORCE_STATIC_LINK_STDLIB = "NO";
            SWIFT_VERSION = "4.0";
            TARGET_NAME = "BasicListener";
         };
         name = "Release";
      };
      "OBJ_93" = {
         isa = "PBXSourcesBuildPhase";
         files = (
            "OBJ_94",
         );
      };
      "OBJ_94" = {
         isa = "PBXBuildFile";
         fileRef = "OBJ_53";
      };
      "OBJ_95" = {
         isa = "PBXFrameworksBuildPhase";
         files = (
            "OBJ_96",
            "OBJ_97",
         );
      };
      "OBJ_96" = {
         isa = "PBXBuildFile";
         fileRef = "OSCCore::OSCCore::Product";
      };
      "OBJ_97" = {
         isa = "PBXBuildFile";
         fileRef = "Socket::Socket::Product";
      };
      "OBJ_98" = {
         isa = "PBXTargetDependency";
         target = "OSCCore::OSCCore";
      };
      "OSCCore::BasicListener" = {
         isa = "PBXNativeTarget";
         buildConfigurationList = "OBJ_90";
         buildPhases = (
            "OBJ_93",
            "OBJ_95",
         );
         dependencies = (
            "OBJ_98",
            "OBJ_100",
         );
         name = "BasicListener";
         productName = "BasicListener";
         productReference = "OSCCore::BasicListener::Product";
         productType = "com.apple.product-type.tool";
      };
      "OSCCore::BasicListener::Product" = {
         isa = "PBXFileReference";
         path = "BasicListener";
         sourceTree = "BUILT_PRODUCTS_DIR";
      };
      "OSCCore::OSCCore" = {
         isa = "PBXNativeTarget";
         buildConfigurationList = "OBJ_130";
         buildPhases = (
            "OBJ_133",
            "OBJ_171",
         );
         dependencies = (
            "OBJ_173",
         );
         name = "OSCCore";
         productName = "OSCCore";
         productReference = "OSCCore::OSCCore::Product";
         productType = "com.apple.product-type.framework";
      };
      "OSCCore::OSCCore::Product" = {
         isa = "PBXFileReference";
         path = "OSCCore.framework";
         sourceTree = "BUILT_PRODUCTS_DIR";
      };
      "OSCCore::OSCCorePackageTests::ProductTarget" = {
         isa = "PBXAggregateTarget";
         buildConfigurationList = "OBJ_183";
         buildPhases = (
         );
         dependencies = (
            "OBJ_186",
         );
         name = "OSCCorePackageTests";
         productName = "OSCCorePackageTests";
      };
      "OSCCore::OSCCoreTests" = {
         isa = "PBXNativeTarget";
         buildConfigurationList = "OBJ_103";
         buildPhases = (
            "OBJ_106",
            "OBJ_114",
         );
         dependencies = (
            "OBJ_117",
            "OBJ_118",
         );
         name = "OSCCoreTests";
         productName = "OSCCoreTests";
         productReference = "OSCCore::OSCCoreTests::Product";
         productType = "com.apple.product-type.bundle.unit-test";
      };
      "OSCCore::OSCCoreTests::Product" = {
         isa = "PBXFileReference";
         path = "OSCCoreTests.xctest";
         sourceTree = "BUILT_PRODUCTS_DIR";
      };
      "OSCCore::SuperColliderExample" = {
         isa = "PBXNativeTarget";
         buildConfigurationList = "OBJ_120";
         buildPhases = (
            "OBJ_123",
            "OBJ_125",
         );
         dependencies = (
            "OBJ_128",
            "OBJ_129",
         );
         name = "SuperColliderExample";
         productName = "SuperColliderExample";
         productReference = "OSCCore::SuperColliderExample::Product";
         productType = "com.apple.product-type.tool";
      };
      "OSCCore::SuperColliderExample::Product" = {
         isa = "PBXFileReference";
         path = "SuperColliderExample";
         sourceTree = "BUILT_PRODUCTS_DIR";
      };
      "OSCCore::SwiftPMPackageDescription" = {
         isa = "PBXNativeTarget";
         buildConfigurationList = "OBJ_78";
         buildPhases = (
            "OBJ_81",
         );
         dependencies = (
         );
         name = "OSCCorePackageDescription";
         productName = "OSCCorePackageDescription";
         productType = "com.apple.product-type.framework";
      };
      "Socket::Socket" = {
         isa = "PBXNativeTarget";
         buildConfigurationList = "OBJ_174";
         buildPhases = (
            "OBJ_177",
            "OBJ_181",
         );
         dependencies = (
         );
         name = "Socket";
         productName = "Socket";
         productReference = "Socket::Socket::Product";
         productType = "com.apple.product-type.framework";
      };
      "Socket::Socket::Product" = {
         isa = "PBXFileReference";
         path = "Socket.framework";
         sourceTree = "BUILT_PRODUCTS_DIR";
      };
      "Socket::SwiftPMPackageDescription" = {
         isa = "PBXNativeTarget";
         buildConfigurationList = "OBJ_84";
         buildPhases = (
            "OBJ_87",
         );
         dependencies = (
         );
         name = "SocketPackageDescription";
         productName = "SocketPackageDescription";
         productType = "com.apple.product-type.framework";
      };
   };
   rootObject = "OBJ_1";
}
